PODS:
  - Alamofire (4.2.0)
  - SwiftyBeaver (1.4.0)

DEPENDENCIES:
  - Alamofire
  - SwiftyBeaver (= 1.4.0)

SPEC CHECKSUMS:
  Alamofire: aa2e09d871c9160ac53c90e83c68064a94e3dfbe
  SwiftyBeaver: 78d9186ce7595b4400ce01e5fd750d263e72dd7b

PODFILE CHECKSUM: 2dd9b07b736d2120a16a65cc4f6161a27d012bf3

COCOAPODS: 1.3.1
