// !$*UTF8*$!
{
	archiveVersion = 1;
	classes = {
	};
	objectVersion = 46;
	objects = {

/* Begin PBXBuildFile section */
		0C24B85C47A6E25F20FCB560 /* Pods_BreweryTour.framework in Frameworks */ = {isa = PBXBuildFile; fileRef = 2E039CA81873511D3C9194D6 /* Pods_BreweryTour.framework */; };
		A701E0481DEEACFC00CDBD2F /* CircleView.swift in Sources */ = {isa = PBXBuildFile; fileRef = A701E0471DEEACFC00CDBD2F /* CircleView.swift */; };
		A709D3F61DAE459C00F11452 /* Beer+CoreDataClass.swift in Sources */ = {isa = PBXBuildFile; fileRef = A709D3F01DAE459C00F11452 /* Beer+CoreDataClass.swift */; };
		A709D3F81DAE459C00F11452 /* Brewery+CoreDataClass.swift in Sources */ = {isa = PBXBuildFile; fileRef = A709D3F21DAE459C00F11452 /* Brewery+CoreDataClass.swift */; };
		A709D3FA1DAE459C00F11452 /* Style+CoreDataClass.swift in Sources */ = {isa = PBXBuildFile; fileRef = A709D3F41DAE459C00F11452 /* Style+CoreDataClass.swift */; };
		A70F267D1DBCE47800A33564 /* Brewery+CoreDataProperties.swift in Sources */ = {isa = PBXBuildFile; fileRef = A70F267C1DBCE47800A33564 /* Brewery+CoreDataProperties.swift */; };
		A711EC091DC8EBDF008E114A /* ExtensionUIViewController.swift in Sources */ = {isa = PBXBuildFile; fileRef = A711EC081DC8EBDF008E114A /* ExtensionUIViewController.swift */; };
		A7189CFB1DFDD487001409FA /* SettingsViewController.swift in Sources */ = {isa = PBXBuildFile; fileRef = A7189CFA1DFDD487001409FA /* SettingsViewController.swift */; };
		A7195F7B1E29EEDD0089C1ED /* MapStrategy.swift in Sources */ = {isa = PBXBuildFile; fileRef = A7195F7A1E29EEDD0089C1ED /* MapStrategy.swift */; };
		A7195F7D1E29F82E0089C1ED /* BreweryMapStrategy.swift in Sources */ = {isa = PBXBuildFile; fileRef = A7195F7C1E29F82E0089C1ED /* BreweryMapStrategy.swift */; };
		A7195F7F1E2A1FEE0089C1ED /* StyleMapStrategy.swift in Sources */ = {isa = PBXBuildFile; fileRef = A7195F7E1E2A1FEE0089C1ED /* StyleMapStrategy.swift */; };
		A7195F811E2AA7620089C1ED /* BreweryAndBeerStructs.swift in Sources */ = {isa = PBXBuildFile; fileRef = A7195F801E2AA7620089C1ED /* BreweryAndBeerStructs.swift */; };
		A71DC9BE1DB2984C00AF81CD /* FavoriteBeersViewController.swift in Sources */ = {isa = PBXBuildFile; fileRef = A71DC9BD1DB2984C00AF81CD /* FavoriteBeersViewController.swift */; };
		A7419ED91E2DBD3E006E421D /* BeersTabbaricon2x.png in Resources */ = {isa = PBXBuildFile; fileRef = A7419ED71E2DBD3E006E421D /* BeersTabbaricon2x.png */; };
		A7419EDA1E2DBD3E006E421D /* BeersTabbaricon3x.png in Resources */ = {isa = PBXBuildFile; fileRef = A7419ED81E2DBD3E006E421D /* BeersTabbaricon3x.png */; };
		A741BF4D1E17EAE5003958A4 /* Style+CoreDataProperties.swift in Sources */ = {isa = PBXBuildFile; fileRef = A741BF4C1E17EAE5003958A4 /* Style+CoreDataProperties.swift */; };
		A741BF511E186DA7003958A4 /* OnlineSearchCapableProtocol.swift in Sources */ = {isa = PBXBuildFile; fileRef = A741BF501E186DA6003958A4 /* OnlineSearchCapableProtocol.swift */; };
		A741BF531E1877C3003958A4 /* ManagedObjectImageLinker.swift in Sources */ = {isa = PBXBuildFile; fileRef = A741BF521E1877C3003958A4 /* ManagedObjectImageLinker.swift */; };
		A743501B1DB78615007AE08C /* TableListProtocol.swift in Sources */ = {isa = PBXBuildFile; fileRef = A743501A1DB78615007AE08C /* TableListProtocol.swift */; };
		A74350621DB7B0F6007AE08C /* StylesTableList.swift in Sources */ = {isa = PBXBuildFile; fileRef = A74350611DB7B0F6007AE08C /* StylesTableList.swift */; };
		A74350641DB7D6D2007AE08C /* BreweryTableList.swift in Sources */ = {isa = PBXBuildFile; fileRef = A74350631DB7D6D2007AE08C /* BreweryTableList.swift */; };
		A74350661DB8FBA1007AE08C /* Mediator.swift in Sources */ = {isa = PBXBuildFile; fileRef = A74350651DB8FBA1007AE08C /* Mediator.swift */; };
		A74350681DB91454007AE08C /* NSManagedObjectDisplayable.swift in Sources */ = {isa = PBXBuildFile; fileRef = A74350671DB91454007AE08C /* NSManagedObjectDisplayable.swift */; };
		A74350721DBA7971007AE08C /* SelectedBeersViewModel.swift in Sources */ = {isa = PBXBuildFile; fileRef = A74350711DBA7971007AE08C /* SelectedBeersViewModel.swift */; };
		A74350741DBAA17F007AE08C /* Observer.swift in Sources */ = {isa = PBXBuildFile; fileRef = A74350731DBAA17F007AE08C /* Observer.swift */; };
		A74350761DBAA1AA007AE08C /* Subject.swift in Sources */ = {isa = PBXBuildFile; fileRef = A74350751DBAA1AA007AE08C /* Subject.swift */; };
		A748FAD41DF6E960005637BD /* MyTabBarController.swift in Sources */ = {isa = PBXBuildFile; fileRef = A748FAD31DF6E95F005637BD /* MyTabBarController.swift */; };
		A748FAD61DF75316005637BD /* DismissableTutorialViewController.swift in Sources */ = {isa = PBXBuildFile; fileRef = A748FAD51DF75316005637BD /* DismissableTutorialViewController.swift */; };
		A752344D1DAEA666008EF071 /* SelectedBeersViewController.swift in Sources */ = {isa = PBXBuildFile; fileRef = A752344C1DAEA666008EF071 /* SelectedBeersViewController.swift */; };
		A752344F1DAEDB59008EF071 /* BeerDetailViewController.swift in Sources */ = {isa = PBXBuildFile; fileRef = A752344E1DAEDB59008EF071 /* BeerDetailViewController.swift */; };
		A7634E661E26EBB00066ACEF /* ParserProtocol.swift in Sources */ = {isa = PBXBuildFile; fileRef = A7634E651E26EBB00066ACEF /* ParserProtocol.swift */; };
		A7634E681E26ED440066ACEF /* ParserFactory.swift in Sources */ = {isa = PBXBuildFile; fileRef = A7634E671E26ED440066ACEF /* ParserFactory.swift */; };
		A7634E6A1E2704A50066ACEF /* StylesParser.swift in Sources */ = {isa = PBXBuildFile; fileRef = A7634E691E2704A50066ACEF /* StylesParser.swift */; };
		A7634E6D1E2708E30066ACEF /* BreweriesParser.swift in Sources */ = {isa = PBXBuildFile; fileRef = A7634E6C1E2708E30066ACEF /* BreweriesParser.swift */; };
		A7634E6F1E2723F20066ACEF /* BreweryDesigner.swift in Sources */ = {isa = PBXBuildFile; fileRef = A7634E6E1E2723F20066ACEF /* BreweryDesigner.swift */; };
		A7634E711E2730F70066ACEF /* BeerDesigner.swift in Sources */ = {isa = PBXBuildFile; fileRef = A7634E701E2730F70066ACEF /* BeerDesigner.swift */; };
		A7634E731E2734770066ACEF /* BeersByBreweryIDParser.swift in Sources */ = {isa = PBXBuildFile; fileRef = A7634E721E2734770066ACEF /* BeersByBreweryIDParser.swift */; };
		A7634E751E27354B0066ACEF /* BeersFollowedByBreweriesParser.swift in Sources */ = {isa = PBXBuildFile; fileRef = A7634E741E27354B0066ACEF /* BeersFollowedByBreweriesParser.swift */; };
		A7634E771E2762410066ACEF /* AllBeersViewModel.swift in Sources */ = {isa = PBXBuildFile; fileRef = A7634E761E2762410066ACEF /* AllBeersViewModel.swift */; };
		A7634E791E282D740066ACEF /* BeersViewModel.swift in Sources */ = {isa = PBXBuildFile; fileRef = A7634E781E282D740066ACEF /* BeersViewModel.swift */; };
		A76B3B8B1DB0C03700B0A899 /* Launch Screen.storyboard in Resources */ = {isa = PBXBuildFile; fileRef = A76B3B8A1DB0C03700B0A899 /* Launch Screen.storyboard */; };
		A76B3B8D1DB0C5A200B0A899 /* SAM_5869 (1).png in Resources */ = {isa = PBXBuildFile; fileRef = A76B3B8C1DB0C5A200B0A899 /* SAM_5869 (1).png */; };
		A76B3B901DB0E00D00B0A899 /* heart_icon.pdf in Resources */ = {isa = PBXBuildFile; fileRef = A76B3B8E1DB0E00D00B0A899 /* heart_icon.pdf */; };
		A76B3B911DB0E00D00B0A899 /* heart_icon_black_white_line_art.pdf in Resources */ = {isa = PBXBuildFile; fileRef = A76B3B8F1DB0E00D00B0A899 /* heart_icon_black_white_line_art.pdf */; };
		A77DEEB91E1B4EA80054F95C /* MyPinAnnotationView.swift in Sources */ = {isa = PBXBuildFile; fileRef = A77DEEB81E1B4EA80054F95C /* MyPinAnnotationView.swift */; };
		A77E0C031DF9ECBF0007E55F /* GlobalConstants.swift in Sources */ = {isa = PBXBuildFile; fileRef = A77E0C021DF9ECBF0007E55F /* GlobalConstants.swift */; };
		A77FEBF71E15FE0E00A4F1B0 /* BreweryAndBeerCreationQueue.swift in Sources */ = {isa = PBXBuildFile; fileRef = A77FEBF61E15FE0E00A4F1B0 /* BreweryAndBeerCreationQueue.swift */; };
		A78020881DC71C4E00CF2F67 /* Beer+CoreDataProperties.swift in Sources */ = {isa = PBXBuildFile; fileRef = A78020871DC71C4E00CF2F67 /* Beer+CoreDataProperties.swift */; };
		A782BA151E032D4F00FB0B63 /* ScrapbookCode in Resources */ = {isa = PBXBuildFile; fileRef = A782BA141E032D4F00FB0B63 /* ScrapbookCode */; };
		A7A69D571DA8938F00E47C8E /* CoreDataStack.swift in Sources */ = {isa = PBXBuildFile; fileRef = A7A69D561DA8938F00E47C8E /* CoreDataStack.swift */; };
		A7B2AADF1DA791A400EE844C /* AppDelegate.swift in Sources */ = {isa = PBXBuildFile; fileRef = A7B2AADE1DA791A400EE844C /* AppDelegate.swift */; };
		A7B2AAE11DA791A400EE844C /* CatergoryViewController.swift in Sources */ = {isa = PBXBuildFile; fileRef = A7B2AAE01DA791A400EE844C /* CatergoryViewController.swift */; };
		A7B2AAE41DA791A400EE844C /* Main.storyboard in Resources */ = {isa = PBXBuildFile; fileRef = A7B2AAE21DA791A400EE844C /* Main.storyboard */; };
		A7B2AAE71DA791A400EE844C /* BreweryTour.xcdatamodeld in Sources */ = {isa = PBXBuildFile; fileRef = A7B2AAE51DA791A400EE844C /* BreweryTour.xcdatamodeld */; };
		A7B2AAE91DA791A400EE844C /* Assets.xcassets in Resources */ = {isa = PBXBuildFile; fileRef = A7B2AAE81DA791A400EE844C /* Assets.xcassets */; };
		A7B2AAF71DA791A400EE844C /* BreweryTourTests.swift in Sources */ = {isa = PBXBuildFile; fileRef = A7B2AAF61DA791A400EE844C /* BreweryTourTests.swift */; };
		A7B2AB021DA791A400EE844C /* BreweryTourUITests.swift in Sources */ = {isa = PBXBuildFile; fileRef = A7B2AB011DA791A400EE844C /* BreweryTourUITests.swift */; };
		A7B2AB101DA7965F00EE844C /* BreweryDBClient.swift in Sources */ = {isa = PBXBuildFile; fileRef = A7B2AB0F1DA7965F00EE844C /* BreweryDBClient.swift */; };
		A7B7524E1DA8CE7B00117ED0 /* MapViewController.swift in Sources */ = {isa = PBXBuildFile; fileRef = A7B7524D1DA8CE7B00117ED0 /* MapViewController.swift */; };
		A7D227241DB4D90D00360A3B /* BreweryTabbarIcon.png in Resources */ = {isa = PBXBuildFile; fileRef = A7D227231DB4D90D00360A3B /* BreweryTabbarIcon.png */; };
		A7D2272A1DB55F3800360A3B /* small_heart_icon_black_white_line_art.png in Resources */ = {isa = PBXBuildFile; fileRef = A7D227281DB55F3700360A3B /* small_heart_icon_black_white_line_art.png */; };
		A7D2272B1DB55F3800360A3B /* small_heart_icon.png in Resources */ = {isa = PBXBuildFile; fileRef = A7D227291DB55F3700360A3B /* small_heart_icon.png */; };
		A7D2272D1DB5620300360A3B /* FavoriteBreweriesViewController.swift in Sources */ = {isa = PBXBuildFile; fileRef = A7D2272C1DB5620300360A3B /* FavoriteBreweriesViewController.swift */; };
		A7D3B8971E19930E0017E5AE /* ManagedObjectContextRefreshProtocols.swift in Sources */ = {isa = PBXBuildFile; fileRef = A7D3B8961E19930E0017E5AE /* ManagedObjectContextRefreshProtocols.swift */; };
		A7DDC3F71DCC24080077F34A /* BeersTabbaricon2.png in Resources */ = {isa = PBXBuildFile; fileRef = A7DDC3F61DCC24080077F34A /* BeersTabbaricon2.png */; };
		A7DDC3F91DCC3A770077F34A /* BreweryDBClientConstants.swift in Sources */ = {isa = PBXBuildFile; fileRef = A7DDC3F81DCC3A770077F34A /* BreweryDBClientConstants.swift */; };
		A7E01CAD1DFEE0C300CA6FE9 /* DesignNotes in Resources */ = {isa = PBXBuildFile; fileRef = A7E01CAC1DFEE0C300CA6FE9 /* DesignNotes */; };
		A7E3E00F1E0B9B1E0068ED48 /* KeyboardExtension.swift in Sources */ = {isa = PBXBuildFile; fileRef = A7E3E00E1E0B9B1E0068ED48 /* KeyboardExtension.swift */; };
		A7E932521E0A42F600E07F53 /* AllBreweriesTableList.swift in Sources */ = {isa = PBXBuildFile; fileRef = A7E932511E0A42F500E07F53 /* AllBreweriesTableList.swift */; };
		A7EE9CFA1E1B0DDE000EA411 /* BreweryImageNotifiable.swift in Sources */ = {isa = PBXBuildFile; fileRef = A7EE9CF91E1B0DDE000EA411 /* BreweryImageNotifiable.swift */; };
		A7FF1A071DB0E67E00AD0BB3 /* heart_icon.png in Resources */ = {isa = PBXBuildFile; fileRef = A7FF1A061DB0E67E00AD0BB3 /* heart_icon.png */; };
		A7FF1A091DB0E68500AD0BB3 /* heart_icon_black_white_line_art.png in Resources */ = {isa = PBXBuildFile; fileRef = A7FF1A081DB0E68500AD0BB3 /* heart_icon_black_white_line_art.png */; };
/* End PBXBuildFile section */

/* Begin PBXContainerItemProxy section */
		A7B2AAF31DA791A400EE844C /* PBXContainerItemProxy */ = {
			isa = PBXContainerItemProxy;
			containerPortal = A7B2AAD31DA791A300EE844C /* Project object */;
			proxyType = 1;
			remoteGlobalIDString = A7B2AADA1DA791A400EE844C;
			remoteInfo = BreweryTour;
		};
		A7B2AAFE1DA791A400EE844C /* PBXContainerItemProxy */ = {
			isa = PBXContainerItemProxy;
			containerPortal = A7B2AAD31DA791A300EE844C /* Project object */;
			proxyType = 1;
			remoteGlobalIDString = A7B2AADA1DA791A400EE844C;
			remoteInfo = BreweryTour;
		};
/* End PBXContainerItemProxy section */

/* Begin PBXFileReference section */
		23E04B956F6BC3316CA10C6B /* Pods-BreweryTour.release.xcconfig */ = {isa = PBXFileReference; includeInIndex = 1; lastKnownFileType = text.xcconfig; name = "Pods-BreweryTour.release.xcconfig"; path = "Pods/Target Support Files/Pods-BreweryTour/Pods-BreweryTour.release.xcconfig"; sourceTree = "<group>"; };
		2E039CA81873511D3C9194D6 /* Pods_BreweryTour.framework */ = {isa = PBXFileReference; explicitFileType = wrapper.framework; includeInIndex = 0; path = Pods_BreweryTour.framework; sourceTree = BUILT_PRODUCTS_DIR; };
		A701E0471DEEACFC00CDBD2F /* CircleView.swift */ = {isa = PBXFileReference; fileEncoding = 4; lastKnownFileType = sourcecode.swift; path = CircleView.swift; sourceTree = "<group>"; };
		A709D3F01DAE459C00F11452 /* Beer+CoreDataClass.swift */ = {isa = PBXFileReference; fileEncoding = 4; lastKnownFileType = sourcecode.swift; path = "Beer+CoreDataClass.swift"; sourceTree = "<group>"; };
		A709D3F21DAE459C00F11452 /* Brewery+CoreDataClass.swift */ = {isa = PBXFileReference; fileEncoding = 4; lastKnownFileType = sourcecode.swift; path = "Brewery+CoreDataClass.swift"; sourceTree = "<group>"; };
		A709D3F41DAE459C00F11452 /* Style+CoreDataClass.swift */ = {isa = PBXFileReference; fileEncoding = 4; lastKnownFileType = sourcecode.swift; path = "Style+CoreDataClass.swift"; sourceTree = "<group>"; };
		A70F267C1DBCE47800A33564 /* Brewery+CoreDataProperties.swift */ = {isa = PBXFileReference; fileEncoding = 4; lastKnownFileType = sourcecode.swift; name = "Brewery+CoreDataProperties.swift"; path = "BreweryTour/Brewery+CoreDataProperties.swift"; sourceTree = SOURCE_ROOT; };
		A711EC081DC8EBDF008E114A /* ExtensionUIViewController.swift */ = {isa = PBXFileReference; fileEncoding = 4; lastKnownFileType = sourcecode.swift; path = ExtensionUIViewController.swift; sourceTree = "<group>"; };
		A7189CFA1DFDD487001409FA /* SettingsViewController.swift */ = {isa = PBXFileReference; fileEncoding = 4; lastKnownFileType = sourcecode.swift; path = SettingsViewController.swift; sourceTree = "<group>"; };
		A7195F7A1E29EEDD0089C1ED /* MapStrategy.swift */ = {isa = PBXFileReference; fileEncoding = 4; lastKnownFileType = sourcecode.swift; path = MapStrategy.swift; sourceTree = "<group>"; };
		A7195F7C1E29F82E0089C1ED /* BreweryMapStrategy.swift */ = {isa = PBXFileReference; fileEncoding = 4; lastKnownFileType = sourcecode.swift; path = BreweryMapStrategy.swift; sourceTree = "<group>"; };
		A7195F7E1E2A1FEE0089C1ED /* StyleMapStrategy.swift */ = {isa = PBXFileReference; fileEncoding = 4; lastKnownFileType = sourcecode.swift; path = StyleMapStrategy.swift; sourceTree = "<group>"; };
		A7195F801E2AA7620089C1ED /* BreweryAndBeerStructs.swift */ = {isa = PBXFileReference; fileEncoding = 4; lastKnownFileType = sourcecode.swift; path = BreweryAndBeerStructs.swift; sourceTree = "<group>"; };
		A71DC9BD1DB2984C00AF81CD /* FavoriteBeersViewController.swift */ = {isa = PBXFileReference; fileEncoding = 4; lastKnownFileType = sourcecode.swift; path = FavoriteBeersViewController.swift; sourceTree = "<group>"; };
		A7419ED71E2DBD3E006E421D /* BeersTabbaricon2x.png */ = {isa = PBXFileReference; lastKnownFileType = image.png; path = BeersTabbaricon2x.png; sourceTree = "<group>"; };
		A7419ED81E2DBD3E006E421D /* BeersTabbaricon3x.png */ = {isa = PBXFileReference; lastKnownFileType = image.png; path = BeersTabbaricon3x.png; sourceTree = "<group>"; };
		A741BF4C1E17EAE5003958A4 /* Style+CoreDataProperties.swift */ = {isa = PBXFileReference; fileEncoding = 4; lastKnownFileType = sourcecode.swift; name = "Style+CoreDataProperties.swift"; path = "../Style+CoreDataProperties.swift"; sourceTree = "<group>"; };
		A741BF501E186DA6003958A4 /* OnlineSearchCapableProtocol.swift */ = {isa = PBXFileReference; fileEncoding = 4; lastKnownFileType = sourcecode.swift; path = OnlineSearchCapableProtocol.swift; sourceTree = "<group>"; };
		A741BF521E1877C3003958A4 /* ManagedObjectImageLinker.swift */ = {isa = PBXFileReference; fileEncoding = 4; lastKnownFileType = sourcecode.swift; path = ManagedObjectImageLinker.swift; sourceTree = "<group>"; };
		A743501A1DB78615007AE08C /* TableListProtocol.swift */ = {isa = PBXFileReference; fileEncoding = 4; lastKnownFileType = sourcecode.swift; path = TableListProtocol.swift; sourceTree = "<group>"; };
		A74350611DB7B0F6007AE08C /* StylesTableList.swift */ = {isa = PBXFileReference; fileEncoding = 4; lastKnownFileType = sourcecode.swift; name = StylesTableList.swift; path = ../StylesTableList.swift; sourceTree = "<group>"; };
		A74350631DB7D6D2007AE08C /* BreweryTableList.swift */ = {isa = PBXFileReference; fileEncoding = 4; lastKnownFileType = sourcecode.swift; path = BreweryTableList.swift; sourceTree = "<group>"; };
		A74350651DB8FBA1007AE08C /* Mediator.swift */ = {isa = PBXFileReference; fileEncoding = 4; lastKnownFileType = sourcecode.swift; path = Mediator.swift; sourceTree = "<group>"; };
		A74350671DB91454007AE08C /* NSManagedObjectDisplayable.swift */ = {isa = PBXFileReference; fileEncoding = 4; lastKnownFileType = sourcecode.swift; path = NSManagedObjectDisplayable.swift; sourceTree = "<group>"; };
		A74350711DBA7971007AE08C /* SelectedBeersViewModel.swift */ = {isa = PBXFileReference; fileEncoding = 4; lastKnownFileType = sourcecode.swift; name = SelectedBeersViewModel.swift; path = ../SelectedBeersViewModel.swift; sourceTree = "<group>"; };
		A74350731DBAA17F007AE08C /* Observer.swift */ = {isa = PBXFileReference; fileEncoding = 4; lastKnownFileType = sourcecode.swift; path = Observer.swift; sourceTree = "<group>"; };
		A74350751DBAA1AA007AE08C /* Subject.swift */ = {isa = PBXFileReference; fileEncoding = 4; lastKnownFileType = sourcecode.swift; path = Subject.swift; sourceTree = "<group>"; };
		A748FAD31DF6E95F005637BD /* MyTabBarController.swift */ = {isa = PBXFileReference; fileEncoding = 4; lastKnownFileType = sourcecode.swift; path = MyTabBarController.swift; sourceTree = "<group>"; };
		A748FAD51DF75316005637BD /* DismissableTutorialViewController.swift */ = {isa = PBXFileReference; fileEncoding = 4; lastKnownFileType = sourcecode.swift; path = DismissableTutorialViewController.swift; sourceTree = "<group>"; };
		A752344C1DAEA666008EF071 /* SelectedBeersViewController.swift */ = {isa = PBXFileReference; fileEncoding = 4; lastKnownFileType = sourcecode.swift; path = SelectedBeersViewController.swift; sourceTree = "<group>"; };
		A752344E1DAEDB59008EF071 /* BeerDetailViewController.swift */ = {isa = PBXFileReference; fileEncoding = 4; lastKnownFileType = sourcecode.swift; path = BeerDetailViewController.swift; sourceTree = "<group>"; };
		A7634E651E26EBB00066ACEF /* ParserProtocol.swift */ = {isa = PBXFileReference; fileEncoding = 4; lastKnownFileType = sourcecode.swift; path = ParserProtocol.swift; sourceTree = "<group>"; };
		A7634E671E26ED440066ACEF /* ParserFactory.swift */ = {isa = PBXFileReference; fileEncoding = 4; lastKnownFileType = sourcecode.swift; path = ParserFactory.swift; sourceTree = "<group>"; };
		A7634E691E2704A50066ACEF /* StylesParser.swift */ = {isa = PBXFileReference; fileEncoding = 4; lastKnownFileType = sourcecode.swift; path = StylesParser.swift; sourceTree = "<group>"; };
		A7634E6C1E2708E30066ACEF /* BreweriesParser.swift */ = {isa = PBXFileReference; fileEncoding = 4; lastKnownFileType = sourcecode.swift; path = BreweriesParser.swift; sourceTree = "<group>"; };
		A7634E6E1E2723F20066ACEF /* BreweryDesigner.swift */ = {isa = PBXFileReference; fileEncoding = 4; lastKnownFileType = sourcecode.swift; path = BreweryDesigner.swift; sourceTree = "<group>"; };
		A7634E701E2730F70066ACEF /* BeerDesigner.swift */ = {isa = PBXFileReference; fileEncoding = 4; lastKnownFileType = sourcecode.swift; path = BeerDesigner.swift; sourceTree = "<group>"; };
		A7634E721E2734770066ACEF /* BeersByBreweryIDParser.swift */ = {isa = PBXFileReference; fileEncoding = 4; lastKnownFileType = sourcecode.swift; path = BeersByBreweryIDParser.swift; sourceTree = "<group>"; };
		A7634E741E27354B0066ACEF /* BeersFollowedByBreweriesParser.swift */ = {isa = PBXFileReference; fileEncoding = 4; lastKnownFileType = sourcecode.swift; path = BeersFollowedByBreweriesParser.swift; sourceTree = "<group>"; };
		A7634E761E2762410066ACEF /* AllBeersViewModel.swift */ = {isa = PBXFileReference; fileEncoding = 4; lastKnownFileType = sourcecode.swift; name = AllBeersViewModel.swift; path = BreweryTour/AllBeersViewModel.swift; sourceTree = SOURCE_ROOT; };
		A7634E781E282D740066ACEF /* BeersViewModel.swift */ = {isa = PBXFileReference; fileEncoding = 4; lastKnownFileType = sourcecode.swift; path = BeersViewModel.swift; sourceTree = "<group>"; };
		A76B3B8A1DB0C03700B0A899 /* Launch Screen.storyboard */ = {isa = PBXFileReference; fileEncoding = 4; lastKnownFileType = file.storyboard; path = "Launch Screen.storyboard"; sourceTree = "<group>"; };
		A76B3B8C1DB0C5A200B0A899 /* SAM_5869 (1).png */ = {isa = PBXFileReference; lastKnownFileType = image.png; path = "SAM_5869 (1).png"; sourceTree = "<group>"; };
		A76B3B8E1DB0E00D00B0A899 /* heart_icon.pdf */ = {isa = PBXFileReference; lastKnownFileType = image.pdf; path = heart_icon.pdf; sourceTree = "<group>"; };
		A76B3B8F1DB0E00D00B0A899 /* heart_icon_black_white_line_art.pdf */ = {isa = PBXFileReference; lastKnownFileType = image.pdf; path = heart_icon_black_white_line_art.pdf; sourceTree = "<group>"; };
		A77DEEB81E1B4EA80054F95C /* MyPinAnnotationView.swift */ = {isa = PBXFileReference; fileEncoding = 4; lastKnownFileType = sourcecode.swift; path = MyPinAnnotationView.swift; sourceTree = "<group>"; };
		A77E0C021DF9ECBF0007E55F /* GlobalConstants.swift */ = {isa = PBXFileReference; fileEncoding = 4; lastKnownFileType = sourcecode.swift; path = GlobalConstants.swift; sourceTree = "<group>"; };
		A77FEBF61E15FE0E00A4F1B0 /* BreweryAndBeerCreationQueue.swift */ = {isa = PBXFileReference; fileEncoding = 4; lastKnownFileType = sourcecode.swift; path = BreweryAndBeerCreationQueue.swift; sourceTree = "<group>"; };
		A78020871DC71C4E00CF2F67 /* Beer+CoreDataProperties.swift */ = {isa = PBXFileReference; fileEncoding = 4; lastKnownFileType = sourcecode.swift; name = "Beer+CoreDataProperties.swift"; path = "BreweryTour/Beer+CoreDataProperties.swift"; sourceTree = SOURCE_ROOT; };
		A782BA141E032D4F00FB0B63 /* ScrapbookCode */ = {isa = PBXFileReference; fileEncoding = 4; lastKnownFileType = text; path = ScrapbookCode; sourceTree = "<group>"; };
		A7A69D561DA8938F00E47C8E /* CoreDataStack.swift */ = {isa = PBXFileReference; fileEncoding = 4; lastKnownFileType = sourcecode.swift; path = CoreDataStack.swift; sourceTree = "<group>"; };
		A7B2AADB1DA791A400EE844C /* BreweryTour.app */ = {isa = PBXFileReference; explicitFileType = wrapper.application; includeInIndex = 0; path = BreweryTour.app; sourceTree = BUILT_PRODUCTS_DIR; };
		A7B2AADE1DA791A400EE844C /* AppDelegate.swift */ = {isa = PBXFileReference; lastKnownFileType = sourcecode.swift; path = AppDelegate.swift; sourceTree = "<group>"; };
		A7B2AAE01DA791A400EE844C /* CatergoryViewController.swift */ = {isa = PBXFileReference; lastKnownFileType = sourcecode.swift; path = CatergoryViewController.swift; sourceTree = "<group>"; };
		A7B2AAE31DA791A400EE844C /* Base */ = {isa = PBXFileReference; lastKnownFileType = file.storyboard; name = Base; path = Base.lproj/Main.storyboard; sourceTree = "<group>"; };
		A7B2AAE61DA791A400EE844C /* BreweryTour.xcdatamodel */ = {isa = PBXFileReference; lastKnownFileType = wrapper.xcdatamodel; path = BreweryTour.xcdatamodel; sourceTree = "<group>"; };
		A7B2AAE81DA791A400EE844C /* Assets.xcassets */ = {isa = PBXFileReference; lastKnownFileType = folder.assetcatalog; path = Assets.xcassets; sourceTree = "<group>"; };
		A7B2AAED1DA791A400EE844C /* Info.plist */ = {isa = PBXFileReference; lastKnownFileType = text.plist.xml; path = Info.plist; sourceTree = "<group>"; };
		A7B2AAF21DA791A400EE844C /* BreweryTourTests.xctest */ = {isa = PBXFileReference; explicitFileType = wrapper.cfbundle; includeInIndex = 0; path = BreweryTourTests.xctest; sourceTree = BUILT_PRODUCTS_DIR; };
		A7B2AAF61DA791A400EE844C /* BreweryTourTests.swift */ = {isa = PBXFileReference; lastKnownFileType = sourcecode.swift; path = BreweryTourTests.swift; sourceTree = "<group>"; };
		A7B2AAF81DA791A400EE844C /* Info.plist */ = {isa = PBXFileReference; lastKnownFileType = text.plist.xml; path = Info.plist; sourceTree = "<group>"; };
		A7B2AAFD1DA791A400EE844C /* BreweryTourUITests.xctest */ = {isa = PBXFileReference; explicitFileType = wrapper.cfbundle; includeInIndex = 0; path = BreweryTourUITests.xctest; sourceTree = BUILT_PRODUCTS_DIR; };
		A7B2AB011DA791A400EE844C /* BreweryTourUITests.swift */ = {isa = PBXFileReference; lastKnownFileType = sourcecode.swift; path = BreweryTourUITests.swift; sourceTree = "<group>"; };
		A7B2AB031DA791A400EE844C /* Info.plist */ = {isa = PBXFileReference; lastKnownFileType = text.plist.xml; path = Info.plist; sourceTree = "<group>"; };
		A7B2AB0F1DA7965F00EE844C /* BreweryDBClient.swift */ = {isa = PBXFileReference; fileEncoding = 4; lastKnownFileType = sourcecode.swift; path = BreweryDBClient.swift; sourceTree = "<group>"; };
		A7B7524D1DA8CE7B00117ED0 /* MapViewController.swift */ = {isa = PBXFileReference; fileEncoding = 4; lastKnownFileType = sourcecode.swift; path = MapViewController.swift; sourceTree = "<group>"; };
		A7D227231DB4D90D00360A3B /* BreweryTabbarIcon.png */ = {isa = PBXFileReference; lastKnownFileType = image.png; path = BreweryTabbarIcon.png; sourceTree = "<group>"; };
		A7D227281DB55F3700360A3B /* small_heart_icon_black_white_line_art.png */ = {isa = PBXFileReference; lastKnownFileType = image.png; path = small_heart_icon_black_white_line_art.png; sourceTree = SOURCE_ROOT; };
		A7D227291DB55F3700360A3B /* small_heart_icon.png */ = {isa = PBXFileReference; lastKnownFileType = image.png; path = small_heart_icon.png; sourceTree = SOURCE_ROOT; };
		A7D2272C1DB5620300360A3B /* FavoriteBreweriesViewController.swift */ = {isa = PBXFileReference; fileEncoding = 4; lastKnownFileType = sourcecode.swift; path = FavoriteBreweriesViewController.swift; sourceTree = "<group>"; };
		A7D3B8961E19930E0017E5AE /* ManagedObjectContextRefreshProtocols.swift */ = {isa = PBXFileReference; fileEncoding = 4; lastKnownFileType = sourcecode.swift; path = ManagedObjectContextRefreshProtocols.swift; sourceTree = "<group>"; };
		A7DDC3F61DCC24080077F34A /* BeersTabbaricon2.png */ = {isa = PBXFileReference; lastKnownFileType = image.png; path = BeersTabbaricon2.png; sourceTree = "<group>"; };
		A7DDC3F81DCC3A770077F34A /* BreweryDBClientConstants.swift */ = {isa = PBXFileReference; fileEncoding = 4; lastKnownFileType = sourcecode.swift; path = BreweryDBClientConstants.swift; sourceTree = "<group>"; };
		A7E01CAC1DFEE0C300CA6FE9 /* DesignNotes */ = {isa = PBXFileReference; fileEncoding = 4; lastKnownFileType = text; path = DesignNotes; sourceTree = "<group>"; xcLanguageSpecificationIdentifier = "<none>"; };
		A7E3E00E1E0B9B1E0068ED48 /* KeyboardExtension.swift */ = {isa = PBXFileReference; fileEncoding = 4; lastKnownFileType = sourcecode.swift; path = KeyboardExtension.swift; sourceTree = "<group>"; };
		A7E932511E0A42F500E07F53 /* AllBreweriesTableList.swift */ = {isa = PBXFileReference; fileEncoding = 4; lastKnownFileType = sourcecode.swift; path = AllBreweriesTableList.swift; sourceTree = "<group>"; };
		A7EE9CF91E1B0DDE000EA411 /* BreweryImageNotifiable.swift */ = {isa = PBXFileReference; fileEncoding = 4; lastKnownFileType = sourcecode.swift; path = BreweryImageNotifiable.swift; sourceTree = "<group>"; };
		A7FF1A061DB0E67E00AD0BB3 /* heart_icon.png */ = {isa = PBXFileReference; lastKnownFileType = image.png; path = heart_icon.png; sourceTree = "<group>"; };
		A7FF1A081DB0E68500AD0BB3 /* heart_icon_black_white_line_art.png */ = {isa = PBXFileReference; lastKnownFileType = image.png; path = heart_icon_black_white_line_art.png; sourceTree = "<group>"; };
		E582F5371E423F5C9686C4E1 /* Pods-BreweryTour.debug.xcconfig */ = {isa = PBXFileReference; includeInIndex = 1; lastKnownFileType = text.xcconfig; name = "Pods-BreweryTour.debug.xcconfig"; path = "Pods/Target Support Files/Pods-BreweryTour/Pods-BreweryTour.debug.xcconfig"; sourceTree = "<group>"; };
/* End PBXFileReference section */

/* Begin PBXFrameworksBuildPhase section */
		A7B2AAD81DA791A400EE844C /* Frameworks */ = {
			isa = PBXFrameworksBuildPhase;
			buildActionMask = 2147483647;
			files = (
				0C24B85C47A6E25F20FCB560 /* Pods_BreweryTour.framework in Frameworks */,
			);
			runOnlyForDeploymentPostprocessing = 0;
		};
		A7B2AAEF1DA791A400EE844C /* Frameworks */ = {
			isa = PBXFrameworksBuildPhase;
			buildActionMask = 2147483647;
			files = (
			);
			runOnlyForDeploymentPostprocessing = 0;
		};
		A7B2AAFA1DA791A400EE844C /* Frameworks */ = {
			isa = PBXFrameworksBuildPhase;
			buildActionMask = 2147483647;
			files = (
			);
			runOnlyForDeploymentPostprocessing = 0;
		};
/* End PBXFrameworksBuildPhase section */

/* Begin PBXGroup section */
		0EF9F740F0476CBD5B2EAB8D /* Pods */ = {
			isa = PBXGroup;
			children = (
				E582F5371E423F5C9686C4E1 /* Pods-BreweryTour.debug.xcconfig */,
				23E04B956F6BC3316CA10C6B /* Pods-BreweryTour.release.xcconfig */,
			);
			name = Pods;
			sourceTree = "<group>";
		};
		6E51AC259059F64C3B69DEA9 /* Frameworks */ = {
			isa = PBXGroup;
			children = (
				2E039CA81873511D3C9194D6 /* Pods_BreweryTour.framework */,
			);
			name = Frameworks;
			sourceTree = "<group>";
		};
		A727D1451DA918D20063F2B3 /* Controller */ = {
			isa = PBXGroup;
			children = (
				A7D3B8951E18FFF50017E5AE /* ViewModelBackedDataViews */,
				A7D3B8941E18FFD70017E5AE /* NoViewModelDataViews */,
				A748FAD31DF6E95F005637BD /* MyTabBarController.swift */,
				A752344E1DAEDB59008EF071 /* BeerDetailViewController.swift */,
				A77E0C021DF9ECBF0007E55F /* GlobalConstants.swift */,
				A7189CFA1DFDD487001409FA /* SettingsViewController.swift */,
			);
			name = Controller;
			sourceTree = "<group>";
		};
		A727D1461DA918E90063F2B3 /* Model */ = {
			isa = PBXGroup;
			children = (
				A77DEEBA1E1C66960054F95C /* CategoryViewControllerViewModels */,
				A7D3B8931E18FFAA0017E5AE /* SelectedBeerModelViews */,
				A7A69D561DA8938F00E47C8E /* CoreDataStack.swift */,
				A74350651DB8FBA1007AE08C /* Mediator.swift */,
				A7B2AB0F1DA7965F00EE844C /* BreweryDBClient.swift */,
				A77FEBF61E15FE0E00A4F1B0 /* BreweryAndBeerCreationQueue.swift */,
				A7195F801E2AA7620089C1ED /* BreweryAndBeerStructs.swift */,
				A741BF521E1877C3003958A4 /* ManagedObjectImageLinker.swift */,
				A7DDC3F81DCC3A770077F34A /* BreweryDBClientConstants.swift */,
				A7634E6B1E2704DE0066ACEF /* Parsers */,
				A7D3B8921E18A3810017E5AE /* Protocols */,
				A741BF491E16FD93003958A4 /* XcodegeneratedFiles */,
			);
			name = Model;
			sourceTree = "<group>";
		};
		A72C979B1E2C5AE600C711B6 /* MapStrategies */ = {
			isa = PBXGroup;
			children = (
				A7195F7A1E29EEDD0089C1ED /* MapStrategy.swift */,
				A7195F7C1E29F82E0089C1ED /* BreweryMapStrategy.swift */,
				A7195F7E1E2A1FEE0089C1ED /* StyleMapStrategy.swift */,
			);
			name = MapStrategies;
			sourceTree = "<group>";
		};
		A741BF491E16FD93003958A4 /* XcodegeneratedFiles */ = {
			isa = PBXGroup;
			children = (
				A709D3F41DAE459C00F11452 /* Style+CoreDataClass.swift */,
				A741BF4C1E17EAE5003958A4 /* Style+CoreDataProperties.swift */,
				A709D3F21DAE459C00F11452 /* Brewery+CoreDataClass.swift */,
				A709D3F01DAE459C00F11452 /* Beer+CoreDataClass.swift */,
				A78020871DC71C4E00CF2F67 /* Beer+CoreDataProperties.swift */,
				A70F267C1DBCE47800A33564 /* Brewery+CoreDataProperties.swift */,
			);
			name = XcodegeneratedFiles;
			sourceTree = "<group>";
		};
		A7634E6B1E2704DE0066ACEF /* Parsers */ = {
			isa = PBXGroup;
			children = (
				A7634E721E2734770066ACEF /* BeersByBreweryIDParser.swift */,
				A7634E741E27354B0066ACEF /* BeersFollowedByBreweriesParser.swift */,
				A7634E671E26ED440066ACEF /* ParserFactory.swift */,
				A7634E651E26EBB00066ACEF /* ParserProtocol.swift */,
				A7634E691E2704A50066ACEF /* StylesParser.swift */,
				A7634E6C1E2708E30066ACEF /* BreweriesParser.swift */,
			);
			name = Parsers;
			sourceTree = "<group>";
		};
		A77DEEBA1E1C66960054F95C /* CategoryViewControllerViewModels */ = {
			isa = PBXGroup;
			children = (
				A74350611DB7B0F6007AE08C /* StylesTableList.swift */,
				A74350631DB7D6D2007AE08C /* BreweryTableList.swift */,
				A7E932511E0A42F500E07F53 /* AllBreweriesTableList.swift */,
			);
			name = CategoryViewControllerViewModels;
			sourceTree = "<group>";
		};
		A7B2AAD21DA791A300EE844C = {
			isa = PBXGroup;
			children = (
				A7E01CAC1DFEE0C300CA6FE9 /* DesignNotes */,
				A782BA141E032D4F00FB0B63 /* ScrapbookCode */,
				A7B2AADD1DA791A400EE844C /* BreweryTour */,
				A7B2AAF51DA791A400EE844C /* BreweryTourTests */,
				A7B2AB001DA791A400EE844C /* BreweryTourUITests */,
				A7B2AADC1DA791A400EE844C /* Products */,
				0EF9F740F0476CBD5B2EAB8D /* Pods */,
				6E51AC259059F64C3B69DEA9 /* Frameworks */,
			);
			sourceTree = "<group>";
		};
		A7B2AADC1DA791A400EE844C /* Products */ = {
			isa = PBXGroup;
			children = (
				A7B2AADB1DA791A400EE844C /* BreweryTour.app */,
				A7B2AAF21DA791A400EE844C /* BreweryTourTests.xctest */,
				A7B2AAFD1DA791A400EE844C /* BreweryTourUITests.xctest */,
			);
			name = Products;
			sourceTree = "<group>";
		};
		A7B2AADD1DA791A400EE844C /* BreweryTour */ = {
			isa = PBXGroup;
			children = (
				A7B2AADE1DA791A400EE844C /* AppDelegate.swift */,
				A7D227251DB54D1D00360A3B /* View */,
				A727D1451DA918D20063F2B3 /* Controller */,
				A727D1461DA918E90063F2B3 /* Model */,
				A7B2AAE21DA791A400EE844C /* Main.storyboard */,
				A76B3B8A1DB0C03700B0A899 /* Launch Screen.storyboard */,
				A7B2AAE81DA791A400EE844C /* Assets.xcassets */,
				A7B2AAED1DA791A400EE844C /* Info.plist */,
				A7FF1A031DB0E14600AD0BB3 /* Assets */,
				A7B2AAE51DA791A400EE844C /* BreweryTour.xcdatamodeld */,
			);
			path = BreweryTour;
			sourceTree = "<group>";
		};
		A7B2AAF51DA791A400EE844C /* BreweryTourTests */ = {
			isa = PBXGroup;
			children = (
				A7B2AAF61DA791A400EE844C /* BreweryTourTests.swift */,
				A7B2AAF81DA791A400EE844C /* Info.plist */,
			);
			path = BreweryTourTests;
			sourceTree = "<group>";
		};
		A7B2AB001DA791A400EE844C /* BreweryTourUITests */ = {
			isa = PBXGroup;
			children = (
				A7B2AB011DA791A400EE844C /* BreweryTourUITests.swift */,
				A7B2AB031DA791A400EE844C /* Info.plist */,
			);
			path = BreweryTourUITests;
			sourceTree = "<group>";
		};
		A7D227251DB54D1D00360A3B /* View */ = {
			isa = PBXGroup;
			children = (
				A7EE9CFB1E1B103E000EA411 /* View Protocols */,
				A711EC081DC8EBDF008E114A /* ExtensionUIViewController.swift */,
				A701E0471DEEACFC00CDBD2F /* CircleView.swift */,
				A7E3E00E1E0B9B1E0068ED48 /* KeyboardExtension.swift */,
				A77DEEB81E1B4EA80054F95C /* MyPinAnnotationView.swift */,
			);
			name = View;
			sourceTree = "<group>";
		};
		A7D3B8921E18A3810017E5AE /* Protocols */ = {
			isa = PBXGroup;
			children = (
				A7634E6E1E2723F20066ACEF /* BreweryDesigner.swift */,
				A7634E701E2730F70066ACEF /* BeerDesigner.swift */,
				A7D3B8961E19930E0017E5AE /* ManagedObjectContextRefreshProtocols.swift */,
				A741BF501E186DA6003958A4 /* OnlineSearchCapableProtocol.swift */,
				A743501A1DB78615007AE08C /* TableListProtocol.swift */,
				A74350671DB91454007AE08C /* NSManagedObjectDisplayable.swift */,
				A74350731DBAA17F007AE08C /* Observer.swift */,
				A74350751DBAA1AA007AE08C /* Subject.swift */,
				A7EE9CF91E1B0DDE000EA411 /* BreweryImageNotifiable.swift */,
			);
			name = Protocols;
			sourceTree = "<group>";
		};
		A7D3B8931E18FFAA0017E5AE /* SelectedBeerModelViews */ = {
			isa = PBXGroup;
			children = (
				A7634E761E2762410066ACEF /* AllBeersViewModel.swift */,
				A7634E781E282D740066ACEF /* BeersViewModel.swift */,
				A74350711DBA7971007AE08C /* SelectedBeersViewModel.swift */,
			);
			name = SelectedBeerModelViews;
			sourceTree = "<group>";
		};
		A7D3B8941E18FFD70017E5AE /* NoViewModelDataViews */ = {
			isa = PBXGroup;
			children = (
				A71DC9BD1DB2984C00AF81CD /* FavoriteBeersViewController.swift */,
				A7D2272C1DB5620300360A3B /* FavoriteBreweriesViewController.swift */,
			);
			name = NoViewModelDataViews;
			sourceTree = "<group>";
		};
		A7D3B8951E18FFF50017E5AE /* ViewModelBackedDataViews */ = {
			isa = PBXGroup;
			children = (
				A7B2AAE01DA791A400EE844C /* CatergoryViewController.swift */,
				A752344C1DAEA666008EF071 /* SelectedBeersViewController.swift */,
				A7B7524D1DA8CE7B00117ED0 /* MapViewController.swift */,
				A72C979B1E2C5AE600C711B6 /* MapStrategies */,
			);
			name = ViewModelBackedDataViews;
			sourceTree = "<group>";
		};
		A7EE9CFB1E1B103E000EA411 /* View Protocols */ = {
			isa = PBXGroup;
			children = (
				A748FAD51DF75316005637BD /* DismissableTutorialViewController.swift */,
			);
			name = "View Protocols";
			sourceTree = "<group>";
		};
		A7FF1A031DB0E14600AD0BB3 /* Assets */ = {
			isa = PBXGroup;
			children = (
				A7419ED71E2DBD3E006E421D /* BeersTabbaricon2x.png */,
				A7419ED81E2DBD3E006E421D /* BeersTabbaricon3x.png */,
				A7D227281DB55F3700360A3B /* small_heart_icon_black_white_line_art.png */,
				A7D227291DB55F3700360A3B /* small_heart_icon.png */,
				A7FF1A081DB0E68500AD0BB3 /* heart_icon_black_white_line_art.png */,
				A7FF1A061DB0E67E00AD0BB3 /* heart_icon.png */,
				A7DDC3F61DCC24080077F34A /* BeersTabbaricon2.png */,
				A7D227231DB4D90D00360A3B /* BreweryTabbarIcon.png */,
				A76B3B8C1DB0C5A200B0A899 /* SAM_5869 (1).png */,
				A76B3B8E1DB0E00D00B0A899 /* heart_icon.pdf */,
				A76B3B8F1DB0E00D00B0A899 /* heart_icon_black_white_line_art.pdf */,
			);
			name = Assets;
			sourceTree = "<group>";
		};
/* End PBXGroup section */

/* Begin PBXNativeTarget section */
		A7B2AADA1DA791A400EE844C /* BreweryTour */ = {
			isa = PBXNativeTarget;
			buildConfigurationList = A7B2AB061DA791A400EE844C /* Build configuration list for PBXNativeTarget "BreweryTour" */;
			buildPhases = (
				30EFF6EEA97823775DF4419C /* [CP] Check Pods Manifest.lock */,
				A7B2AAD71DA791A400EE844C /* Sources */,
				A7B2AAD81DA791A400EE844C /* Frameworks */,
				A7B2AAD91DA791A400EE844C /* Resources */,
				51F1415783D94305EC31CDEA /* [CP] Embed Pods Frameworks */,
				9A43C2FDF7BEBC7ECC62BE80 /* [CP] Copy Pods Resources */,
			);
			buildRules = (
			);
			dependencies = (
			);
			name = BreweryTour;
			productName = BreweryTour;
			productReference = A7B2AADB1DA791A400EE844C /* BreweryTour.app */;
			productType = "com.apple.product-type.application";
		};
		A7B2AAF11DA791A400EE844C /* BreweryTourTests */ = {
			isa = PBXNativeTarget;
			buildConfigurationList = A7B2AB091DA791A400EE844C /* Build configuration list for PBXNativeTarget "BreweryTourTests" */;
			buildPhases = (
				A7B2AAEE1DA791A400EE844C /* Sources */,
				A7B2AAEF1DA791A400EE844C /* Frameworks */,
				A7B2AAF01DA791A400EE844C /* Resources */,
			);
			buildRules = (
			);
			dependencies = (
				A7B2AAF41DA791A400EE844C /* PBXTargetDependency */,
			);
			name = BreweryTourTests;
			productName = BreweryTourTests;
			productReference = A7B2AAF21DA791A400EE844C /* BreweryTourTests.xctest */;
			productType = "com.apple.product-type.bundle.unit-test";
		};
		A7B2AAFC1DA791A400EE844C /* BreweryTourUITests */ = {
			isa = PBXNativeTarget;
			buildConfigurationList = A7B2AB0C1DA791A400EE844C /* Build configuration list for PBXNativeTarget "BreweryTourUITests" */;
			buildPhases = (
				A7B2AAF91DA791A400EE844C /* Sources */,
				A7B2AAFA1DA791A400EE844C /* Frameworks */,
				A7B2AAFB1DA791A400EE844C /* Resources */,
			);
			buildRules = (
			);
			dependencies = (
				A7B2AAFF1DA791A400EE844C /* PBXTargetDependency */,
			);
			name = BreweryTourUITests;
			productName = BreweryTourUITests;
			productReference = A7B2AAFD1DA791A400EE844C /* BreweryTourUITests.xctest */;
			productType = "com.apple.product-type.bundle.ui-testing";
		};
/* End PBXNativeTarget section */

/* Begin PBXProject section */
		A7B2AAD31DA791A300EE844C /* Project object */ = {
			isa = PBXProject;
			attributes = {
				LastSwiftUpdateCheck = 0800;
				LastUpgradeCheck = 0820;
				ORGANIZATIONNAME = "James Jongs";
				TargetAttributes = {
					A7B2AADA1DA791A400EE844C = {
						CreatedOnToolsVersion = 8.0;
						DevelopmentTeam = T37NKE3UT9;
						ProvisioningStyle = Automatic;
					};
					A7B2AAF11DA791A400EE844C = {
						CreatedOnToolsVersion = 8.0;
						ProvisioningStyle = Automatic;
						TestTargetID = A7B2AADA1DA791A400EE844C;
					};
					A7B2AAFC1DA791A400EE844C = {
						CreatedOnToolsVersion = 8.0;
						ProvisioningStyle = Automatic;
						TestTargetID = A7B2AADA1DA791A400EE844C;
					};
				};
			};
			buildConfigurationList = A7B2AAD61DA791A300EE844C /* Build configuration list for PBXProject "BreweryTour" */;
			compatibilityVersion = "Xcode 3.2";
			developmentRegion = English;
			hasScannedForEncodings = 0;
			knownRegions = (
				en,
				Base,
			);
			mainGroup = A7B2AAD21DA791A300EE844C;
			productRefGroup = A7B2AADC1DA791A400EE844C /* Products */;
			projectDirPath = "";
			projectRoot = "";
			targets = (
				A7B2AADA1DA791A400EE844C /* BreweryTour */,
				A7B2AAF11DA791A400EE844C /* BreweryTourTests */,
				A7B2AAFC1DA791A400EE844C /* BreweryTourUITests */,
			);
		};
/* End PBXProject section */

/* Begin PBXResourcesBuildPhase section */
		A7B2AAD91DA791A400EE844C /* Resources */ = {
			isa = PBXResourcesBuildPhase;
			buildActionMask = 2147483647;
			files = (
				A7D227241DB4D90D00360A3B /* BreweryTabbarIcon.png in Resources */,
				A7419ED91E2DBD3E006E421D /* BeersTabbaricon2x.png in Resources */,
				A7B2AAE91DA791A400EE844C /* Assets.xcassets in Resources */,
				A76B3B8D1DB0C5A200B0A899 /* SAM_5869 (1).png in Resources */,
				A7FF1A091DB0E68500AD0BB3 /* heart_icon_black_white_line_art.png in Resources */,
				A7D2272A1DB55F3800360A3B /* small_heart_icon_black_white_line_art.png in Resources */,
				A7DDC3F71DCC24080077F34A /* BeersTabbaricon2.png in Resources */,
				A76B3B911DB0E00D00B0A899 /* heart_icon_black_white_line_art.pdf in Resources */,
				A76B3B8B1DB0C03700B0A899 /* Launch Screen.storyboard in Resources */,
				A7419EDA1E2DBD3E006E421D /* BeersTabbaricon3x.png in Resources */,
				A7D2272B1DB55F3800360A3B /* small_heart_icon.png in Resources */,
				A7FF1A071DB0E67E00AD0BB3 /* heart_icon.png in Resources */,
				A76B3B901DB0E00D00B0A899 /* heart_icon.pdf in Resources */,
				A7E01CAD1DFEE0C300CA6FE9 /* DesignNotes in Resources */,
				A782BA151E032D4F00FB0B63 /* ScrapbookCode in Resources */,
				A7B2AAE41DA791A400EE844C /* Main.storyboard in Resources */,
			);
			runOnlyForDeploymentPostprocessing = 0;
		};
		A7B2AAF01DA791A400EE844C /* Resources */ = {
			isa = PBXResourcesBuildPhase;
			buildActionMask = 2147483647;
			files = (
			);
			runOnlyForDeploymentPostprocessing = 0;
		};
		A7B2AAFB1DA791A400EE844C /* Resources */ = {
			isa = PBXResourcesBuildPhase;
			buildActionMask = 2147483647;
			files = (
			);
			runOnlyForDeploymentPostprocessing = 0;
		};
/* End PBXResourcesBuildPhase section */

/* Begin PBXShellScriptBuildPhase section */
		30EFF6EEA97823775DF4419C /* [CP] Check Pods Manifest.lock */ = {
			isa = PBXShellScriptBuildPhase;
			buildActionMask = 2147483647;
			files = (
			);
			inputPaths = (
			);
			name = "[CP] Check Pods Manifest.lock";
			outputPaths = (
			);
			runOnlyForDeploymentPostprocessing = 0;
			shellPath = /bin/sh;
			shellScript = "diff \"${PODS_ROOT}/../Podfile.lock\" \"${PODS_ROOT}/Manifest.lock\" > /dev/null\nif [ $? != 0 ] ; then\n    # print error to STDERR\n    echo \"error: The sandbox is not in sync with the Podfile.lock. Run 'pod install' or update your CocoaPods installation.\" >&2\n    exit 1\nfi\n";
			showEnvVarsInLog = 0;
		};
		51F1415783D94305EC31CDEA /* [CP] Embed Pods Frameworks */ = {
			isa = PBXShellScriptBuildPhase;
			buildActionMask = 2147483647;
			files = (
			);
			inputPaths = (
			);
			name = "[CP] Embed Pods Frameworks";
			outputPaths = (
			);
			runOnlyForDeploymentPostprocessing = 0;
			shellPath = /bin/sh;
			shellScript = "\"${SRCROOT}/Pods/Target Support Files/Pods-BreweryTour/Pods-BreweryTour-frameworks.sh\"\n";
			showEnvVarsInLog = 0;
		};
		9A43C2FDF7BEBC7ECC62BE80 /* [CP] Copy Pods Resources */ = {
			isa = PBXShellScriptBuildPhase;
			buildActionMask = 2147483647;
			files = (
			);
			inputPaths = (
			);
			name = "[CP] Copy Pods Resources";
			outputPaths = (
			);
			runOnlyForDeploymentPostprocessing = 0;
			shellPath = /bin/sh;
			shellScript = "\"${SRCROOT}/Pods/Target Support Files/Pods-BreweryTour/Pods-BreweryTour-resources.sh\"\n";
			showEnvVarsInLog = 0;
		};
/* End PBXShellScriptBuildPhase section */

/* Begin PBXSourcesBuildPhase section */
		A7B2AAD71DA791A400EE844C /* Sources */ = {
			isa = PBXSourcesBuildPhase;
			buildActionMask = 2147483647;
			files = (
				A74350621DB7B0F6007AE08C /* StylesTableList.swift in Sources */,
				A709D3FA1DAE459C00F11452 /* Style+CoreDataClass.swift in Sources */,
				A7E3E00F1E0B9B1E0068ED48 /* KeyboardExtension.swift in Sources */,
				A7195F811E2AA7620089C1ED /* BreweryAndBeerStructs.swift in Sources */,
				A7634E661E26EBB00066ACEF /* ParserProtocol.swift in Sources */,
				A7A69D571DA8938F00E47C8E /* CoreDataStack.swift in Sources */,
				A7195F7F1E2A1FEE0089C1ED /* StyleMapStrategy.swift in Sources */,
				A74350721DBA7971007AE08C /* SelectedBeersViewModel.swift in Sources */,
				A7634E771E2762410066ACEF /* AllBeersViewModel.swift in Sources */,
				A7DDC3F91DCC3A770077F34A /* BreweryDBClientConstants.swift in Sources */,
				A7634E791E282D740066ACEF /* BeersViewModel.swift in Sources */,
				A7195F7B1E29EEDD0089C1ED /* MapStrategy.swift in Sources */,
				A70F267D1DBCE47800A33564 /* Brewery+CoreDataProperties.swift in Sources */,
				A77DEEB91E1B4EA80054F95C /* MyPinAnnotationView.swift in Sources */,
				A709D3F81DAE459C00F11452 /* Brewery+CoreDataClass.swift in Sources */,
				A741BF4D1E17EAE5003958A4 /* Style+CoreDataProperties.swift in Sources */,
				A7D2272D1DB5620300360A3B /* FavoriteBreweriesViewController.swift in Sources */,
				A7B7524E1DA8CE7B00117ED0 /* MapViewController.swift in Sources */,
				A752344D1DAEA666008EF071 /* SelectedBeersViewController.swift in Sources */,
				A77E0C031DF9ECBF0007E55F /* GlobalConstants.swift in Sources */,
				A701E0481DEEACFC00CDBD2F /* CircleView.swift in Sources */,
				A7E932521E0A42F600E07F53 /* AllBreweriesTableList.swift in Sources */,
				A748FAD41DF6E960005637BD /* MyTabBarController.swift in Sources */,
				A7D3B8971E19930E0017E5AE /* ManagedObjectContextRefreshProtocols.swift in Sources */,
				A741BF511E186DA7003958A4 /* OnlineSearchCapableProtocol.swift in Sources */,
				A74350641DB7D6D2007AE08C /* BreweryTableList.swift in Sources */,
				A752344F1DAEDB59008EF071 /* BeerDetailViewController.swift in Sources */,
				A7B2AAE71DA791A400EE844C /* BreweryTour.xcdatamodeld in Sources */,
				A78020881DC71C4E00CF2F67 /* Beer+CoreDataProperties.swift in Sources */,
				A74350761DBAA1AA007AE08C /* Subject.swift in Sources */,
				A7195F7D1E29F82E0089C1ED /* BreweryMapStrategy.swift in Sources */,
				A709D3F61DAE459C00F11452 /* Beer+CoreDataClass.swift in Sources */,
				A74350661DB8FBA1007AE08C /* Mediator.swift in Sources */,
				A748FAD61DF75316005637BD /* DismissableTutorialViewController.swift in Sources */,
				A7634E6D1E2708E30066ACEF /* BreweriesParser.swift in Sources */,
				A7634E681E26ED440066ACEF /* ParserFactory.swift in Sources */,
				A711EC091DC8EBDF008E114A /* ExtensionUIViewController.swift in Sources */,
				A74350741DBAA17F007AE08C /* Observer.swift in Sources */,
				A74350681DB91454007AE08C /* NSManagedObjectDisplayable.swift in Sources */,
				A7EE9CFA1E1B0DDE000EA411 /* BreweryImageNotifiable.swift in Sources */,
				A7189CFB1DFDD487001409FA /* SettingsViewController.swift in Sources */,
				A7634E6A1E2704A50066ACEF /* StylesParser.swift in Sources */,
				A7B2AB101DA7965F00EE844C /* BreweryDBClient.swift in Sources */,
				A7B2AAE11DA791A400EE844C /* CatergoryViewController.swift in Sources */,
				A71DC9BE1DB2984C00AF81CD /* FavoriteBeersViewController.swift in Sources */,
				A7634E6F1E2723F20066ACEF /* BreweryDesigner.swift in Sources */,
				A743501B1DB78615007AE08C /* TableListProtocol.swift in Sources */,
				A7634E711E2730F70066ACEF /* BeerDesigner.swift in Sources */,
				A741BF531E1877C3003958A4 /* ManagedObjectImageLinker.swift in Sources */,
				A7634E751E27354B0066ACEF /* BeersFollowedByBreweriesParser.swift in Sources */,
				A77FEBF71E15FE0E00A4F1B0 /* BreweryAndBeerCreationQueue.swift in Sources */,
				A7634E731E2734770066ACEF /* BeersByBreweryIDParser.swift in Sources */,
				A7B2AADF1DA791A400EE844C /* AppDelegate.swift in Sources */,
			);
			runOnlyForDeploymentPostprocessing = 0;
		};
		A7B2AAEE1DA791A400EE844C /* Sources */ = {
			isa = PBXSourcesBuildPhase;
			buildActionMask = 2147483647;
			files = (
				A7B2AAF71DA791A400EE844C /* BreweryTourTests.swift in Sources */,
			);
			runOnlyForDeploymentPostprocessing = 0;
		};
		A7B2AAF91DA791A400EE844C /* Sources */ = {
			isa = PBXSourcesBuildPhase;
			buildActionMask = 2147483647;
			files = (
				A7B2AB021DA791A400EE844C /* BreweryTourUITests.swift in Sources */,
			);
			runOnlyForDeploymentPostprocessing = 0;
		};
/* End PBXSourcesBuildPhase section */

/* Begin PBXTargetDependency section */
		A7B2AAF41DA791A400EE844C /* PBXTargetDependency */ = {
			isa = PBXTargetDependency;
			target = A7B2AADA1DA791A400EE844C /* BreweryTour */;
			targetProxy = A7B2AAF31DA791A400EE844C /* PBXContainerItemProxy */;
		};
		A7B2AAFF1DA791A400EE844C /* PBXTargetDependency */ = {
			isa = PBXTargetDependency;
			target = A7B2AADA1DA791A400EE844C /* BreweryTour */;
			targetProxy = A7B2AAFE1DA791A400EE844C /* PBXContainerItemProxy */;
		};
/* End PBXTargetDependency section */

/* Begin PBXVariantGroup section */
		A7B2AAE21DA791A400EE844C /* Main.storyboard */ = {
			isa = PBXVariantGroup;
			children = (
				A7B2AAE31DA791A400EE844C /* Base */,
			);
			name = Main.storyboard;
			sourceTree = "<group>";
		};
/* End PBXVariantGroup section */

/* Begin XCBuildConfiguration section */
		A7B2AB041DA791A400EE844C /* Debug */ = {
			isa = XCBuildConfiguration;
			buildSettings = {
				ALWAYS_SEARCH_USER_PATHS = NO;
				CLANG_ANALYZER_NONNULL = YES;
				CLANG_CXX_LANGUAGE_STANDARD = "gnu++0x";
				CLANG_CXX_LIBRARY = "libc++";
				CLANG_ENABLE_MODULES = YES;
				CLANG_ENABLE_OBJC_ARC = YES;
				CLANG_WARN_BOOL_CONVERSION = YES;
				CLANG_WARN_CONSTANT_CONVERSION = YES;
				CLANG_WARN_DIRECT_OBJC_ISA_USAGE = YES_ERROR;
				CLANG_WARN_DOCUMENTATION_COMMENTS = YES;
				CLANG_WARN_EMPTY_BODY = YES;
				CLANG_WARN_ENUM_CONVERSION = YES;
				CLANG_WARN_INFINITE_RECURSION = YES;
				CLANG_WARN_INT_CONVERSION = YES;
				CLANG_WARN_OBJC_ROOT_CLASS = YES_ERROR;
				CLANG_WARN_SUSPICIOUS_MOVE = YES;
				CLANG_WARN_SUSPICIOUS_MOVES = YES;
				CLANG_WARN_UNREACHABLE_CODE = YES;
				CLANG_WARN__DUPLICATE_METHOD_MATCH = YES;
				"CODE_SIGN_IDENTITY[sdk=iphoneos*]" = "iPhone Developer";
				COPY_PHASE_STRIP = NO;
				DEBUG_INFORMATION_FORMAT = dwarf;
				ENABLE_STRICT_OBJC_MSGSEND = YES;
				ENABLE_TESTABILITY = YES;
				GCC_C_LANGUAGE_STANDARD = gnu99;
				GCC_DYNAMIC_NO_PIC = NO;
				GCC_NO_COMMON_BLOCKS = YES;
				GCC_OPTIMIZATION_LEVEL = 0;
				GCC_PREPROCESSOR_DEFINITIONS = (
					"DEBUG=1",
					"$(inherited)",
				);
				GCC_WARN_64_TO_32_BIT_CONVERSION = YES;
				GCC_WARN_ABOUT_RETURN_TYPE = YES_ERROR;
				GCC_WARN_UNDECLARED_SELECTOR = YES;
				GCC_WARN_UNINITIALIZED_AUTOS = YES_AGGRESSIVE;
				GCC_WARN_UNUSED_FUNCTION = YES;
				GCC_WARN_UNUSED_VARIABLE = YES;
				IPHONEOS_DEPLOYMENT_TARGET = 10.0;
				MTL_ENABLE_DEBUG_INFO = YES;
				ONLY_ACTIVE_ARCH = YES;
				SDKROOT = iphoneos;
				SWIFT_ACTIVE_COMPILATION_CONDITIONS = DEBUG;
				SWIFT_OPTIMIZATION_LEVEL = "-Onone";
				TARGETED_DEVICE_FAMILY = "1,2";
			};
			name = Debug;
		};
		A7B2AB051DA791A400EE844C /* Release */ = {
			isa = XCBuildConfiguration;
			buildSettings = {
				ALWAYS_SEARCH_USER_PATHS = NO;
				CLANG_ANALYZER_NONNULL = YES;
				CLANG_CXX_LANGUAGE_STANDARD = "gnu++0x";
				CLANG_CXX_LIBRARY = "libc++";
				CLANG_ENABLE_MODULES = YES;
				CLANG_ENABLE_OBJC_ARC = YES;
				CLANG_WARN_BOOL_CONVERSION = YES;
				CLANG_WARN_CONSTANT_CONVERSION = YES;
				CLANG_WARN_DIRECT_OBJC_ISA_USAGE = YES_ERROR;
				CLANG_WARN_DOCUMENTATION_COMMENTS = YES;
				CLANG_WARN_EMPTY_BODY = YES;
				CLANG_WARN_ENUM_CONVERSION = YES;
				CLANG_WARN_INFINITE_RECURSION = YES;
				CLANG_WARN_INT_CONVERSION = YES;
				CLANG_WARN_OBJC_ROOT_CLASS = YES_ERROR;
				CLANG_WARN_SUSPICIOUS_MOVE = YES;
				CLANG_WARN_SUSPICIOUS_MOVES = YES;
				CLANG_WARN_UNREACHABLE_CODE = YES;
				CLANG_WARN__DUPLICATE_METHOD_MATCH = YES;
				"CODE_SIGN_IDENTITY[sdk=iphoneos*]" = "iPhone Developer";
				COPY_PHASE_STRIP = NO;
				DEBUG_INFORMATION_FORMAT = "dwarf-with-dsym";
				ENABLE_NS_ASSERTIONS = NO;
				ENABLE_STRICT_OBJC_MSGSEND = YES;
				GCC_C_LANGUAGE_STANDARD = gnu99;
				GCC_NO_COMMON_BLOCKS = YES;
				GCC_OPTIMIZATION_LEVEL = 0;
				GCC_WARN_64_TO_32_BIT_CONVERSION = YES;
				GCC_WARN_ABOUT_RETURN_TYPE = YES_ERROR;
				GCC_WARN_UNDECLARED_SELECTOR = YES;
				GCC_WARN_UNINITIALIZED_AUTOS = YES_AGGRESSIVE;
				GCC_WARN_UNUSED_FUNCTION = YES;
				GCC_WARN_UNUSED_VARIABLE = YES;
				IPHONEOS_DEPLOYMENT_TARGET = 10.0;
				MTL_ENABLE_DEBUG_INFO = NO;
				"OTHER_CFLAGS[arch=*]" = "CFLAGS=\"-fno-optimizie-sibling-calls\"";
				SDKROOT = iphoneos;
				SWIFT_OPTIMIZATION_LEVEL = "-Owholemodule";
				TARGETED_DEVICE_FAMILY = "1,2";
				VALIDATE_PRODUCT = YES;
			};
			name = Release;
		};
		A7B2AB071DA791A400EE844C /* Debug */ = {
			isa = XCBuildConfiguration;
			baseConfigurationReference = E582F5371E423F5C9686C4E1 /* Pods-BreweryTour.debug.xcconfig */;
			buildSettings = {
				ALWAYS_EMBED_SWIFT_STANDARD_LIBRARIES = YES;
				ASSETCATALOG_COMPILER_APPICON_NAME = AppIcon;
				DEVELOPMENT_TEAM = T37NKE3UT9;
				INFOPLIST_FILE = BreweryTour/Info.plist;
				LD_RUNPATH_SEARCH_PATHS = "$(inherited) @executable_path/Frameworks";
				PRODUCT_BUNDLE_IDENTIFIER = JamesJongs.BreweryTour;
				PRODUCT_NAME = "$(TARGET_NAME)";
				SWIFT_VERSION = 3.0;
			};
			name = Debug;
		};
		A7B2AB081DA791A400EE844C /* Release */ = {
			isa = XCBuildConfiguration;
			baseConfigurationReference = 23E04B956F6BC3316CA10C6B /* Pods-BreweryTour.release.xcconfig */;
			buildSettings = {
				ALWAYS_EMBED_SWIFT_STANDARD_LIBRARIES = YES;
				ASSETCATALOG_COMPILER_APPICON_NAME = AppIcon;
				DEVELOPMENT_TEAM = T37NKE3UT9;
				INFOPLIST_FILE = BreweryTour/Info.plist;
				LD_RUNPATH_SEARCH_PATHS = "$(inherited) @executable_path/Frameworks";
				PRODUCT_BUNDLE_IDENTIFIER = JamesJongs.BreweryTour;
				PRODUCT_NAME = "$(TARGET_NAME)";
				SWIFT_VERSION = 3.0;
			};
			name = Release;
		};
		A7B2AB0A1DA791A400EE844C /* Debug */ = {
			isa = XCBuildConfiguration;
			buildSettings = {
				ALWAYS_EMBED_SWIFT_STANDARD_LIBRARIES = YES;
				BUNDLE_LOADER = "$(TEST_HOST)";
				INFOPLIST_FILE = BreweryTourTests/Info.plist;
				LD_RUNPATH_SEARCH_PATHS = "$(inherited) @executable_path/Frameworks @loader_path/Frameworks";
				PRODUCT_BUNDLE_IDENTIFIER = JamesJongs.BreweryTourTests;
				PRODUCT_NAME = "$(TARGET_NAME)";
				SWIFT_VERSION = 3.0;
				TEST_HOST = "$(BUILT_PRODUCTS_DIR)/BreweryTour.app/BreweryTour";
			};
			name = Debug;
		};
		A7B2AB0B1DA791A400EE844C /* Release */ = {
			isa = XCBuildConfiguration;
			buildSettings = {
				ALWAYS_EMBED_SWIFT_STANDARD_LIBRARIES = YES;
				BUNDLE_LOADER = "$(TEST_HOST)";
				INFOPLIST_FILE = BreweryTourTests/Info.plist;
				LD_RUNPATH_SEARCH_PATHS = "$(inherited) @executable_path/Frameworks @loader_path/Frameworks";
				PRODUCT_BUNDLE_IDENTIFIER = JamesJongs.BreweryTourTests;
				PRODUCT_NAME = "$(TARGET_NAME)";
				SWIFT_VERSION = 3.0;
				TEST_HOST = "$(BUILT_PRODUCTS_DIR)/BreweryTour.app/BreweryTour";
			};
			name = Release;
		};
		A7B2AB0D1DA791A400EE844C /* Debug */ = {
			isa = XCBuildConfiguration;
			buildSettings = {
				ALWAYS_EMBED_SWIFT_STANDARD_LIBRARIES = YES;
				INFOPLIST_FILE = BreweryTourUITests/Info.plist;
				LD_RUNPATH_SEARCH_PATHS = "$(inherited) @executable_path/Frameworks @loader_path/Frameworks";
				PRODUCT_BUNDLE_IDENTIFIER = JamesJongs.BreweryTourUITests;
				PRODUCT_NAME = "$(TARGET_NAME)";
				SWIFT_VERSION = 3.0;
				TEST_TARGET_NAME = BreweryTour;
			};
			name = Debug;
		};
		A7B2AB0E1DA791A400EE844C /* Release */ = {
			isa = XCBuildConfiguration;
			buildSettings = {
				ALWAYS_EMBED_SWIFT_STANDARD_LIBRARIES = YES;
				INFOPLIST_FILE = BreweryTourUITests/Info.plist;
				LD_RUNPATH_SEARCH_PATHS = "$(inherited) @executable_path/Frameworks @loader_path/Frameworks";
				PRODUCT_BUNDLE_IDENTIFIER = JamesJongs.BreweryTourUITests;
				PRODUCT_NAME = "$(TARGET_NAME)";
				SWIFT_VERSION = 3.0;
				TEST_TARGET_NAME = BreweryTour;
			};
			name = Release;
		};
/* End XCBuildConfiguration section */

/* Begin XCConfigurationList section */
		A7B2AAD61DA791A300EE844C /* Build configuration list for PBXProject "BreweryTour" */ = {
			isa = XCConfigurationList;
			buildConfigurations = (
				A7B2AB041DA791A400EE844C /* Debug */,
				A7B2AB051DA791A400EE844C /* Release */,
			);
			defaultConfigurationIsVisible = 0;
			defaultConfigurationName = Release;
		};
		A7B2AB061DA791A400EE844C /* Build configuration list for PBXNativeTarget "BreweryTour" */ = {
			isa = XCConfigurationList;
			buildConfigurations = (
				A7B2AB071DA791A400EE844C /* Debug */,
				A7B2AB081DA791A400EE844C /* Release */,
			);
			defaultConfigurationIsVisible = 0;
			defaultConfigurationName = Release;
		};
		A7B2AB091DA791A400EE844C /* Build configuration list for PBXNativeTarget "BreweryTourTests" */ = {
			isa = XCConfigurationList;
			buildConfigurations = (
				A7B2AB0A1DA791A400EE844C /* Debug */,
				A7B2AB0B1DA791A400EE844C /* Release */,
			);
			defaultConfigurationIsVisible = 0;
			defaultConfigurationName = Release;
		};
		A7B2AB0C1DA791A400EE844C /* Build configuration list for PBXNativeTarget "BreweryTourUITests" */ = {
			isa = XCConfigurationList;
			buildConfigurations = (
				A7B2AB0D1DA791A400EE844C /* Debug */,
				A7B2AB0E1DA791A400EE844C /* Release */,
			);
			defaultConfigurationIsVisible = 0;
			defaultConfigurationName = Release;
		};
/* End XCConfigurationList section */

/* Begin XCVersionGroup section */
		A7B2AAE51DA791A400EE844C /* BreweryTour.xcdatamodeld */ = {
			isa = XCVersionGroup;
			children = (
				A7B2AAE61DA791A400EE844C /* BreweryTour.xcdatamodel */,
			);
			currentVersion = A7B2AAE61DA791A400EE844C /* BreweryTour.xcdatamodel */;
			path = BreweryTour.xcdatamodeld;
			sourceTree = "<group>";
			versionGroupType = wrapper.xcdatamodel;
		};
/* End XCVersionGroup section */
	};
	rootObject = A7B2AAD31DA791A300EE844C /* Project object */;
}
