// !$*UTF8*$!
{
	archiveVersion = 1;
	classes = {
	};
	objectVersion = 48;
	objects = {

/* Begin PBXBuildFile section */
		5CEC755E8F1CEA8794EB7D7E /* Pods_BreweryTour.framework in Frameworks */ = {isa = PBXBuildFile; fileRef = E9EC7BBC7977680F92446772 /* Pods_BreweryTour.framework */; };
		A701E0481DEEACFC00CDBD2F /* CircleView.swift in Sources */ = {isa = PBXBuildFile; fileRef = A701E0471DEEACFC00CDBD2F /* CircleView.swift */; };
		A705F2901EB162570051F972 /* CoreAnimationConstants.swift in Sources */ = {isa = PBXBuildFile; fileRef = A705F28F1EB162570051F972 /* CoreAnimationConstants.swift */; };
		A709268C1F321E6900EB3BA2 /* BreweryTourTests.swift in Sources */ = {isa = PBXBuildFile; fileRef = A709268B1F321E6900EB3BA2 /* BreweryTourTests.swift */; };
		A709268E1F32377800EB3BA2 /* Brewery.swift in Sources */ = {isa = PBXBuildFile; fileRef = A709268D1F32377800EB3BA2 /* Brewery.swift */; };
		A70926901F323C0300EB3BA2 /* Beer.swift in Sources */ = {isa = PBXBuildFile; fileRef = A709268F1F323C0300EB3BA2 /* Beer.swift */; };
		A70926921F323C9700EB3BA2 /* Style.swift in Sources */ = {isa = PBXBuildFile; fileRef = A70926911F323C9700EB3BA2 /* Style.swift */; };
		A711EC091DC8EBDF008E114A /* AlertWindowDisplayingProtocol.swift in Sources */ = {isa = PBXBuildFile; fileRef = A711EC081DC8EBDF008E114A /* AlertWindowDisplayingProtocol.swift */; };
		A7189CFB1DFDD487001409FA /* SettingsViewController.swift in Sources */ = {isa = PBXBuildFile; fileRef = A7189CFA1DFDD487001409FA /* SettingsViewController.swift */; };
		A7195F7B1E29EEDD0089C1ED /* MapProtocols.swift in Sources */ = {isa = PBXBuildFile; fileRef = A7195F7A1E29EEDD0089C1ED /* MapProtocols.swift */; };
		A7195F7D1E29F82E0089C1ED /* SingleBreweryMapStrategy.swift in Sources */ = {isa = PBXBuildFile; fileRef = A7195F7C1E29F82E0089C1ED /* SingleBreweryMapStrategy.swift */; };
		A7195F7F1E2A1FEE0089C1ED /* SelfFetchingMapStrategyProtocol.swift in Sources */ = {isa = PBXBuildFile; fileRef = A7195F7E1E2A1FEE0089C1ED /* SelfFetchingMapStrategyProtocol.swift */; };
		A7195F811E2AA7620089C1ED /* BreweryAndBeerStructs.swift in Sources */ = {isa = PBXBuildFile; fileRef = A7195F801E2AA7620089C1ED /* BreweryAndBeerStructs.swift */; };
		A71DC9BE1DB2984C00AF81CD /* FavoriteBeersViewController.swift in Sources */ = {isa = PBXBuildFile; fileRef = A71DC9BD1DB2984C00AF81CD /* FavoriteBeersViewController.swift */; };
		A72B18441E3466D400D3DFF1 /* MapViewControllerExtensions.swift in Sources */ = {isa = PBXBuildFile; fileRef = A72B18431E3466D400D3DFF1 /* MapViewControllerExtensions.swift */; };
		A72B18461E346F2B00D3DFF1 /* CategoryViewControllerExtensions.swift in Sources */ = {isa = PBXBuildFile; fileRef = A72B18451E346F2B00D3DFF1 /* CategoryViewControllerExtensions.swift */; };
		A72F74A01F2620D600306664 /* CoreDataStackTest.swift in Sources */ = {isa = PBXBuildFile; fileRef = A72F749F1F2620D600306664 /* CoreDataStackTest.swift */; };
		A7300C5C1EAF833E0029EBB6 /* search.png in Resources */ = {isa = PBXBuildFile; fileRef = A7300C5B1EAF833E0029EBB6 /* search.png */; };
		A7300C5F1EAF844F0029EBB6 /* search25.png in Resources */ = {isa = PBXBuildFile; fileRef = A7300C5D1EAF844F0029EBB6 /* search25.png */; };
		A7300C601EAF844F0029EBB6 /* search50.png in Resources */ = {isa = PBXBuildFile; fileRef = A7300C5E1EAF844F0029EBB6 /* search50.png */; };
		A7300C621EAF86650029EBB6 /* README.md in Resources */ = {isa = PBXBuildFile; fileRef = A7300C611EAF86650029EBB6 /* README.md */; };
		A7300C641EAF88290029EBB6 /* TabbarConstants.swift in Sources */ = {isa = PBXBuildFile; fileRef = A7300C631EAF88290029EBB6 /* TabbarConstants.swift */; };
		A7300C661EAF9D050029EBB6 /* DismissableHelpNavigationController.swift in Sources */ = {isa = PBXBuildFile; fileRef = A7300C651EAF9D050029EBB6 /* DismissableHelpNavigationController.swift */; };
		A7419ED91E2DBD3E006E421D /* BeersTabbaricon2x.png in Resources */ = {isa = PBXBuildFile; fileRef = A7419ED71E2DBD3E006E421D /* BeersTabbaricon2x.png */; };
		A7419EDA1E2DBD3E006E421D /* BeersTabbaricon3x.png in Resources */ = {isa = PBXBuildFile; fileRef = A7419ED81E2DBD3E006E421D /* BeersTabbaricon3x.png */; };
		A741BF511E186DA7003958A4 /* OnlineSearchCapableProtocol.swift in Sources */ = {isa = PBXBuildFile; fileRef = A741BF501E186DA6003958A4 /* OnlineSearchCapableProtocol.swift */; };
		A741BF531E1877C3003958A4 /* ManagedObjectImageLinker.swift in Sources */ = {isa = PBXBuildFile; fileRef = A741BF521E1877C3003958A4 /* ManagedObjectImageLinker.swift */; };
		A743501B1DB78615007AE08C /* TableListProtocol.swift in Sources */ = {isa = PBXBuildFile; fileRef = A743501A1DB78615007AE08C /* TableListProtocol.swift */; };
		A74350621DB7B0F6007AE08C /* StylesTableList.swift in Sources */ = {isa = PBXBuildFile; fileRef = A74350611DB7B0F6007AE08C /* StylesTableList.swift */; };
		A74350641DB7D6D2007AE08C /* BreweryTableList.swift in Sources */ = {isa = PBXBuildFile; fileRef = A74350631DB7D6D2007AE08C /* BreweryTableList.swift */; };
		A74350661DB8FBA1007AE08C /* Mediator.swift in Sources */ = {isa = PBXBuildFile; fileRef = A74350651DB8FBA1007AE08C /* Mediator.swift */; };
		A74350681DB91454007AE08C /* NSManagedObjectDisplayable.swift in Sources */ = {isa = PBXBuildFile; fileRef = A74350671DB91454007AE08C /* NSManagedObjectDisplayable.swift */; };
		A74350721DBA7971007AE08C /* SelectedBeersViewModel.swift in Sources */ = {isa = PBXBuildFile; fileRef = A74350711DBA7971007AE08C /* SelectedBeersViewModel.swift */; };
		A74350741DBAA17F007AE08C /* ObserverAndSubjectProtocol.swift in Sources */ = {isa = PBXBuildFile; fileRef = A74350731DBAA17F007AE08C /* ObserverAndSubjectProtocol.swift */; };
		A748FAD41DF6E960005637BD /* MyTabBarController.swift in Sources */ = {isa = PBXBuildFile; fileRef = A748FAD31DF6E95F005637BD /* MyTabBarController.swift */; };
		A748FAD61DF75316005637BD /* DismissableTutorialViewController.swift in Sources */ = {isa = PBXBuildFile; fileRef = A748FAD51DF75316005637BD /* DismissableTutorialViewController.swift */; };
		A75160281E356AB50078F6F9 /* BeermugAnnotationView.swift in Sources */ = {isa = PBXBuildFile; fileRef = A75160271E356AB50078F6F9 /* BeermugAnnotationView.swift */; };
		A751602A1E35AA250078F6F9 /* beermap.png in Resources */ = {isa = PBXBuildFile; fileRef = A75160291E35AA250078F6F9 /* beermap.png */; };
		A751602C1E35C29D0078F6F9 /* MakePinView.swift in Sources */ = {isa = PBXBuildFile; fileRef = A751602B1E35C29D0078F6F9 /* MakePinView.swift */; };
		A751602E1E3638010078F6F9 /* StorableFloatingAnnotation.swift in Sources */ = {isa = PBXBuildFile; fileRef = A751602D1E3638010078F6F9 /* StorableFloatingAnnotation.swift */; };
		A752344D1DAEA666008EF071 /* SelectedBeersViewController.swift in Sources */ = {isa = PBXBuildFile; fileRef = A752344C1DAEA666008EF071 /* SelectedBeersViewController.swift */; };
		A752344F1DAEDB59008EF071 /* BeerDetailViewController.swift in Sources */ = {isa = PBXBuildFile; fileRef = A752344E1DAEDB59008EF071 /* BeerDetailViewController.swift */; };
		A7563E611EB7EDBE00E93B93 /* WebpageUIButton.swift in Sources */ = {isa = PBXBuildFile; fileRef = A7563E601EB7EDBE00E93B93 /* WebpageUIButton.swift */; };
		A7563E631EB7F84E00E93B93 /* FavoriteUIButton.swift in Sources */ = {isa = PBXBuildFile; fileRef = A7563E621EB7F84E00E93B93 /* FavoriteUIButton.swift */; };
		A75E23051F27AE7E0035D805 /* Exceptions.swift in Sources */ = {isa = PBXBuildFile; fileRef = A75E23041F27AE7E0035D805 /* Exceptions.swift */; };
		A76006B01F67741900511AAE /* TempBreweryTab.png in Resources */ = {isa = PBXBuildFile; fileRef = A76006AF1F67741900511AAE /* TempBreweryTab.png */; };
		A76006B21F67756A00511AAE /* NewBreweryTabbarIcon.png in Resources */ = {isa = PBXBuildFile; fileRef = A76006B11F67756A00511AAE /* NewBreweryTabbarIcon.png */; };
		A76006B41F67C07500511AAE /* Double beers.png in Resources */ = {isa = PBXBuildFile; fileRef = A76006B31F67C07500511AAE /* Double beers.png */; };
		A76006B61F67C1E600511AAE /* Double beers2.png in Resources */ = {isa = PBXBuildFile; fileRef = A76006B51F67C1E600511AAE /* Double beers2.png */; };
		A7634E661E26EBB00066ACEF /* ParserProtocol.swift in Sources */ = {isa = PBXBuildFile; fileRef = A7634E651E26EBB00066ACEF /* ParserProtocol.swift */; };
		A7634E681E26ED440066ACEF /* ParserFactory.swift in Sources */ = {isa = PBXBuildFile; fileRef = A7634E671E26ED440066ACEF /* ParserFactory.swift */; };
		A7634E6A1E2704A50066ACEF /* StylesParser.swift in Sources */ = {isa = PBXBuildFile; fileRef = A7634E691E2704A50066ACEF /* StylesParser.swift */; };
		A7634E6D1E2708E30066ACEF /* BreweriesParser.swift in Sources */ = {isa = PBXBuildFile; fileRef = A7634E6C1E2708E30066ACEF /* BreweriesParser.swift */; };
		A7634E6F1E2723F20066ACEF /* BreweryDesignerProtocol.swift in Sources */ = {isa = PBXBuildFile; fileRef = A7634E6E1E2723F20066ACEF /* BreweryDesignerProtocol.swift */; };
		A7634E711E2730F70066ACEF /* BeerDesignerProtocol.swift in Sources */ = {isa = PBXBuildFile; fileRef = A7634E701E2730F70066ACEF /* BeerDesignerProtocol.swift */; };
		A7634E731E2734770066ACEF /* BeersFollowedByBreweriesParser.swift in Sources */ = {isa = PBXBuildFile; fileRef = A7634E721E2734770066ACEF /* BeersFollowedByBreweriesParser.swift */; };
		A7634E751E27354B0066ACEF /* BeersByBreweryIDParser.swift in Sources */ = {isa = PBXBuildFile; fileRef = A7634E741E27354B0066ACEF /* BeersByBreweryIDParser.swift */; };
		A7634E771E2762410066ACEF /* AllBeersViewModel.swift in Sources */ = {isa = PBXBuildFile; fileRef = A7634E761E2762410066ACEF /* AllBeersViewModel.swift */; };
		A7634E791E282D740066ACEF /* GenericBeersViewModel.swift in Sources */ = {isa = PBXBuildFile; fileRef = A7634E781E282D740066ACEF /* GenericBeersViewModel.swift */; };
		A76897C81EB7896F00C47FF3 /* BreweryCustomCallout.xib in Resources */ = {isa = PBXBuildFile; fileRef = A76897C71EB7896F00C47FF3 /* BreweryCustomCallout.xib */; };
		A76897CA1EB78C1000C47FF3 /* BreweryCustomCalloutView.swift in Sources */ = {isa = PBXBuildFile; fileRef = A76897C91EB78C1000C47FF3 /* BreweryCustomCalloutView.swift */; };
		A76897CC1EB78E0800C47FF3 /* BreweryAnnotation.swift in Sources */ = {isa = PBXBuildFile; fileRef = A76897CB1EB78E0800C47FF3 /* BreweryAnnotation.swift */; };
		A76B3B8B1DB0C03700B0A899 /* Launch Screen.storyboard in Resources */ = {isa = PBXBuildFile; fileRef = A76B3B8A1DB0C03700B0A899 /* Launch Screen.storyboard */; };
		A76B3B8D1DB0C5A200B0A899 /* BeerLaunchImage.png in Resources */ = {isa = PBXBuildFile; fileRef = A76B3B8C1DB0C5A200B0A899 /* BeerLaunchImage.png */; };
		A76B3B901DB0E00D00B0A899 /* heart_icon.pdf in Resources */ = {isa = PBXBuildFile; fileRef = A76B3B8E1DB0E00D00B0A899 /* heart_icon.pdf */; };
		A76B3B911DB0E00D00B0A899 /* heart_icon_black_white_line_art.pdf in Resources */ = {isa = PBXBuildFile; fileRef = A76B3B8F1DB0E00D00B0A899 /* heart_icon_black_white_line_art.pdf */; };
		A77365201F196F9D00E4FD11 /* Aclonica.ttf in Resources */ = {isa = PBXBuildFile; fileRef = A77364F81F196F9D00E4FD11 /* Aclonica.ttf */; };
		A77365221F196F9D00E4FD11 /* AlfaSlabOne-Regular.ttf in Resources */ = {isa = PBXBuildFile; fileRef = A77364FB1F196F9D00E4FD11 /* AlfaSlabOne-Regular.ttf */; };
		A77365241F196F9D00E4FD11 /* BalooTamma-Regular.ttf in Resources */ = {isa = PBXBuildFile; fileRef = A77364FE1F196F9D00E4FD11 /* BalooTamma-Regular.ttf */; };
		A77365261F196F9D00E4FD11 /* BungeeInline-Regular.ttf in Resources */ = {isa = PBXBuildFile; fileRef = A77365011F196F9D00E4FD11 /* BungeeInline-Regular.ttf */; };
		A77365281F196F9D00E4FD11 /* Comfortaa-Bold.ttf in Resources */ = {isa = PBXBuildFile; fileRef = A77365041F196F9D00E4FD11 /* Comfortaa-Bold.ttf */; };
		A77365291F196F9D00E4FD11 /* Comfortaa-Light.ttf in Resources */ = {isa = PBXBuildFile; fileRef = A77365051F196F9D00E4FD11 /* Comfortaa-Light.ttf */; };
		A773652A1F196F9D00E4FD11 /* Comfortaa-Regular.ttf in Resources */ = {isa = PBXBuildFile; fileRef = A77365061F196F9D00E4FD11 /* Comfortaa-Regular.ttf */; };
		A773652C1F196F9D00E4FD11 /* DaysOne-Regular.ttf in Resources */ = {isa = PBXBuildFile; fileRef = A77365091F196F9D00E4FD11 /* DaysOne-Regular.ttf */; };
		A773652E1F196F9D00E4FD11 /* FasterOne-Regular.ttf in Resources */ = {isa = PBXBuildFile; fileRef = A773650C1F196F9D00E4FD11 /* FasterOne-Regular.ttf */; };
		A77365301F196F9D00E4FD11 /* HanaleiFill-Regular.ttf in Resources */ = {isa = PBXBuildFile; fileRef = A773650F1F196F9D00E4FD11 /* HanaleiFill-Regular.ttf */; };
		A77365321F196F9D00E4FD11 /* KumarOneOutline-Regular.ttf in Resources */ = {isa = PBXBuildFile; fileRef = A77365121F196F9D00E4FD11 /* KumarOneOutline-Regular.ttf */; };
		A77365351F196F9D00E4FD11 /* LuckiestGuy.ttf in Resources */ = {isa = PBXBuildFile; fileRef = A77365161F196F9D00E4FD11 /* LuckiestGuy.ttf */; };
		A77365371F196F9D00E4FD11 /* PirataOne-Regular.ttf in Resources */ = {isa = PBXBuildFile; fileRef = A77365191F196F9D00E4FD11 /* PirataOne-Regular.ttf */; };
		A77365391F196F9D00E4FD11 /* Righteous-Regular.ttf in Resources */ = {isa = PBXBuildFile; fileRef = A773651C1F196F9D00E4FD11 /* Righteous-Regular.ttf */; };
		A773653B1F196F9D00E4FD11 /* Shrikhand-Regular.ttf in Resources */ = {isa = PBXBuildFile; fileRef = A773651F1F196F9D00E4FD11 /* Shrikhand-Regular.ttf */; };
		A77785E51FA6786800846B15 /* Assets.xcassets in Resources */ = {isa = PBXBuildFile; fileRef = A77785E41FA6786800846B15 /* Assets.xcassets */; };
		A77DEEB91E1B4EA80054F95C /* JustUserAndFloatingPinAnnotationView.swift in Sources */ = {isa = PBXBuildFile; fileRef = A77DEEB81E1B4EA80054F95C /* JustUserAndFloatingPinAnnotationView.swift */; };
		A77E0C031DF9ECBF0007E55F /* GlobalConstants.swift in Sources */ = {isa = PBXBuildFile; fileRef = A77E0C021DF9ECBF0007E55F /* GlobalConstants.swift */; };
		A77FEBF71E15FE0E00A4F1B0 /* BreweryAndBeerCreationQueue.swift in Sources */ = {isa = PBXBuildFile; fileRef = A77FEBF61E15FE0E00A4F1B0 /* BreweryAndBeerCreationQueue.swift */; };
		A78FBB5E1E2FF0DC00AE93A8 /* BusyObserversProtocol.swift in Sources */ = {isa = PBXBuildFile; fileRef = A78FBB5D1E2FF0DC00AE93A8 /* BusyObserversProtocol.swift */; };
		A78FBC4B1E38BE75003D49B6 /* BreweriesByStateParser.swift in Sources */ = {isa = PBXBuildFile; fileRef = A78FBC4A1E38BE75003D49B6 /* BreweriesByStateParser.swift */; };
		A78FBC4D1E38D0F9003D49B6 /* ConvertToFullStateName.swift in Sources */ = {isa = PBXBuildFile; fileRef = A78FBC4C1E38D0F9003D49B6 /* ConvertToFullStateName.swift */; };
		A794A68B1E2E2B6800797180 /* Nophoto.png in Resources */ = {isa = PBXBuildFile; fileRef = A794A68A1E2E2B6800797180 /* Nophoto.png */; };
		A79EB6F21E308AA000C54D43 /* Alamofire.framework in Frameworks */ = {isa = PBXBuildFile; fileRef = A79EB6F11E308AA000C54D43 /* Alamofire.framework */; };
		A79EB6F41E308AB600C54D43 /* MapKit.framework in Frameworks */ = {isa = PBXBuildFile; fileRef = A79EB6F31E308AB600C54D43 /* MapKit.framework */; };
		A79EB70F1E30D2AA00C54D43 /* AppIcon.png in Resources */ = {isa = PBXBuildFile; fileRef = A79EB7011E30D2AA00C54D43 /* AppIcon.png */; };
		A79EB7101E30D2AA00C54D43 /* AppIcon20.png in Resources */ = {isa = PBXBuildFile; fileRef = A79EB7021E30D2AA00C54D43 /* AppIcon20.png */; };
		A79EB7111E30D2AA00C54D43 /* AppIcon29.png in Resources */ = {isa = PBXBuildFile; fileRef = A79EB7031E30D2AA00C54D43 /* AppIcon29.png */; };
		A79EB7121E30D2AA00C54D43 /* AppIcon40.png in Resources */ = {isa = PBXBuildFile; fileRef = A79EB7041E30D2AA00C54D43 /* AppIcon40.png */; };
		A79EB7131E30D2AA00C54D43 /* AppIcon58.png in Resources */ = {isa = PBXBuildFile; fileRef = A79EB7051E30D2AA00C54D43 /* AppIcon58.png */; };
		A79EB7141E30D2AA00C54D43 /* AppIcon60.png in Resources */ = {isa = PBXBuildFile; fileRef = A79EB7061E30D2AA00C54D43 /* AppIcon60.png */; };
		A79EB7151E30D2AA00C54D43 /* AppIcon76.png in Resources */ = {isa = PBXBuildFile; fileRef = A79EB7071E30D2AA00C54D43 /* AppIcon76.png */; };
		A79EB7161E30D2AA00C54D43 /* AppIcon80.png in Resources */ = {isa = PBXBuildFile; fileRef = A79EB7081E30D2AA00C54D43 /* AppIcon80.png */; };
		A79EB7171E30D2AA00C54D43 /* AppIcon84.png in Resources */ = {isa = PBXBuildFile; fileRef = A79EB7091E30D2AA00C54D43 /* AppIcon84.png */; };
		A79EB7181E30D2AA00C54D43 /* AppIcon87.png in Resources */ = {isa = PBXBuildFile; fileRef = A79EB70A1E30D2AA00C54D43 /* AppIcon87.png */; };
		A79EB7191E30D2AA00C54D43 /* AppIcon120.png in Resources */ = {isa = PBXBuildFile; fileRef = A79EB70B1E30D2AA00C54D43 /* AppIcon120.png */; };
		A79EB71A1E30D2AA00C54D43 /* AppIcon152.png in Resources */ = {isa = PBXBuildFile; fileRef = A79EB70C1E30D2AA00C54D43 /* AppIcon152.png */; };
		A79EB71B1E30D2AA00C54D43 /* AppIcon167.png in Resources */ = {isa = PBXBuildFile; fileRef = A79EB70D1E30D2AA00C54D43 /* AppIcon167.png */; };
		A79EB71C1E30D2AA00C54D43 /* AppIcon180.png in Resources */ = {isa = PBXBuildFile; fileRef = A79EB70E1E30D2AA00C54D43 /* AppIcon180.png */; };
		A7A69D571DA8938F00E47C8E /* CoreDataStack.swift in Sources */ = {isa = PBXBuildFile; fileRef = A7A69D561DA8938F00E47C8E /* CoreDataStack.swift */; };
		A7B2AADF1DA791A400EE844C /* AppDelegate.swift in Sources */ = {isa = PBXBuildFile; fileRef = A7B2AADE1DA791A400EE844C /* AppDelegate.swift */; };
		A7B2AAE11DA791A400EE844C /* CategoryViewController.swift in Sources */ = {isa = PBXBuildFile; fileRef = A7B2AAE01DA791A400EE844C /* CategoryViewController.swift */; };
		A7B2AAE41DA791A400EE844C /* Main.storyboard in Resources */ = {isa = PBXBuildFile; fileRef = A7B2AAE21DA791A400EE844C /* Main.storyboard */; };
		A7B2AAE71DA791A400EE844C /* BreweryTour.xcdatamodeld in Sources */ = {isa = PBXBuildFile; fileRef = A7B2AAE51DA791A400EE844C /* BreweryTour.xcdatamodeld */; };
		A7B2AB021DA791A400EE844C /* BreweryTourUITests.swift in Sources */ = {isa = PBXBuildFile; fileRef = A7B2AB011DA791A400EE844C /* BreweryTourUITests.swift */; };
		A7B2AB101DA7965F00EE844C /* BreweryDBClient.swift in Sources */ = {isa = PBXBuildFile; fileRef = A7B2AB0F1DA7965F00EE844C /* BreweryDBClient.swift */; };
		A7B7524E1DA8CE7B00117ED0 /* MapViewController.swift in Sources */ = {isa = PBXBuildFile; fileRef = A7B7524D1DA8CE7B00117ED0 /* MapViewController.swift */; };
		A7D227241DB4D90D00360A3B /* BreweryTabbarIcon.png in Resources */ = {isa = PBXBuildFile; fileRef = A7D227231DB4D90D00360A3B /* BreweryTabbarIcon.png */; };
		A7D2272A1DB55F3800360A3B /* small_heart_icon_black_white_line_art.png in Resources */ = {isa = PBXBuildFile; fileRef = A7D227281DB55F3700360A3B /* small_heart_icon_black_white_line_art.png */; };
		A7D2272B1DB55F3800360A3B /* small_heart_icon.png in Resources */ = {isa = PBXBuildFile; fileRef = A7D227291DB55F3700360A3B /* small_heart_icon.png */; };
		A7D2272D1DB5620300360A3B /* FavoriteBreweriesViewController.swift in Sources */ = {isa = PBXBuildFile; fileRef = A7D2272C1DB5620300360A3B /* FavoriteBreweriesViewController.swift */; };
		A7D3B8971E19930E0017E5AE /* ManagedObjectContextRefreshProtocols.swift in Sources */ = {isa = PBXBuildFile; fileRef = A7D3B8961E19930E0017E5AE /* ManagedObjectContextRefreshProtocols.swift */; };
		A7DDC3F71DCC24080077F34A /* BeersTabbaricon2.png in Resources */ = {isa = PBXBuildFile; fileRef = A7DDC3F61DCC24080077F34A /* BeersTabbaricon2.png */; };
		A7DDC3F91DCC3A770077F34A /* BreweryDBClientConstants.swift in Sources */ = {isa = PBXBuildFile; fileRef = A7DDC3F81DCC3A770077F34A /* BreweryDBClientConstants.swift */; };
		A7E3E00F1E0B9B1E0068ED48 /* KeyboardExtension.swift in Sources */ = {isa = PBXBuildFile; fileRef = A7E3E00E1E0B9B1E0068ED48 /* KeyboardExtension.swift */; };
		A7E932521E0A42F600E07F53 /* AllBreweriesTableList.swift in Sources */ = {isa = PBXBuildFile; fileRef = A7E932511E0A42F500E07F53 /* AllBreweriesTableList.swift */; };
		A7FBF25E1F2CF1870072CF84 /* MappingStrategyTests.swift in Sources */ = {isa = PBXBuildFile; fileRef = A7FBF25D1F2CF1870072CF84 /* MappingStrategyTests.swift */; };
		A7FF1A071DB0E67E00AD0BB3 /* heart_icon.png in Resources */ = {isa = PBXBuildFile; fileRef = A7FF1A061DB0E67E00AD0BB3 /* heart_icon.png */; };
		A7FF1A091DB0E68500AD0BB3 /* heart_icon_black_white_line_art.png in Resources */ = {isa = PBXBuildFile; fileRef = A7FF1A081DB0E68500AD0BB3 /* heart_icon_black_white_line_art.png */; };
		B5099DAAA705F74156A14443 /* Pods_BreweryTour.framework in Frameworks */ = {isa = PBXBuildFile; fileRef = 680FBE3F7A28081E14FF95C0 /* Pods_BreweryTour.framework */; };
/* End PBXBuildFile section */

/* Begin PBXContainerItemProxy section */
		A7B2AAF31DA791A400EE844C /* PBXContainerItemProxy */ = {
			isa = PBXContainerItemProxy;
			containerPortal = A7B2AAD31DA791A300EE844C /* Project object */;
			proxyType = 1;
			remoteGlobalIDString = A7B2AADA1DA791A400EE844C;
			remoteInfo = BreweryTour;
		};
		A7B2AAFE1DA791A400EE844C /* PBXContainerItemProxy */ = {
			isa = PBXContainerItemProxy;
			containerPortal = A7B2AAD31DA791A300EE844C /* Project object */;
			proxyType = 1;
			remoteGlobalIDString = A7B2AADA1DA791A400EE844C;
			remoteInfo = BreweryTour;
		};
/* End PBXContainerItemProxy section */

/* Begin PBXFileReference section */
		1CA52274A841A73EF6B91291 /* Pods-BreweryTour.release.xcconfig */ = {isa = PBXFileReference; includeInIndex = 1; lastKnownFileType = text.xcconfig; name = "Pods-BreweryTour.release.xcconfig"; path = "Pods/Target Support Files/Pods-BreweryTour/Pods-BreweryTour.release.xcconfig"; sourceTree = "<group>"; };
		5D930397D4795650DD413457 /* Pods-BreweryTour.debug.xcconfig */ = {isa = PBXFileReference; includeInIndex = 1; lastKnownFileType = text.xcconfig; name = "Pods-BreweryTour.debug.xcconfig"; path = "Pods/Target Support Files/Pods-BreweryTour/Pods-BreweryTour.debug.xcconfig"; sourceTree = "<group>"; };
		680FBE3F7A28081E14FF95C0 /* Pods_BreweryTour.framework */ = {isa = PBXFileReference; explicitFileType = wrapper.framework; includeInIndex = 0; path = Pods_BreweryTour.framework; sourceTree = BUILT_PRODUCTS_DIR; };
		A701E0471DEEACFC00CDBD2F /* CircleView.swift */ = {isa = PBXFileReference; fileEncoding = 4; lastKnownFileType = sourcecode.swift; path = CircleView.swift; sourceTree = "<group>"; };
		A705F28F1EB162570051F972 /* CoreAnimationConstants.swift */ = {isa = PBXFileReference; fileEncoding = 4; lastKnownFileType = sourcecode.swift; name = CoreAnimationConstants.swift; path = BreweryTour/ViewModels/CoreAnimationConstants.swift; sourceTree = SOURCE_ROOT; };
		A709268B1F321E6900EB3BA2 /* BreweryTourTests.swift */ = {isa = PBXFileReference; fileEncoding = 4; lastKnownFileType = sourcecode.swift; path = BreweryTourTests.swift; sourceTree = "<group>"; };
		A709268D1F32377800EB3BA2 /* Brewery.swift */ = {isa = PBXFileReference; fileEncoding = 4; lastKnownFileType = sourcecode.swift; path = Brewery.swift; sourceTree = "<group>"; };
		A709268F1F323C0300EB3BA2 /* Beer.swift */ = {isa = PBXFileReference; fileEncoding = 4; lastKnownFileType = sourcecode.swift; path = Beer.swift; sourceTree = "<group>"; };
		A70926911F323C9700EB3BA2 /* Style.swift */ = {isa = PBXFileReference; fileEncoding = 4; lastKnownFileType = sourcecode.swift; path = Style.swift; sourceTree = "<group>"; };
		A711EC081DC8EBDF008E114A /* AlertWindowDisplayingProtocol.swift */ = {isa = PBXFileReference; fileEncoding = 4; lastKnownFileType = sourcecode.swift; path = AlertWindowDisplayingProtocol.swift; sourceTree = "<group>"; };
		A7189CFA1DFDD487001409FA /* SettingsViewController.swift */ = {isa = PBXFileReference; fileEncoding = 4; lastKnownFileType = sourcecode.swift; path = SettingsViewController.swift; sourceTree = "<group>"; };
		A7195F7A1E29EEDD0089C1ED /* MapProtocols.swift */ = {isa = PBXFileReference; fileEncoding = 4; lastKnownFileType = sourcecode.swift; path = MapProtocols.swift; sourceTree = "<group>"; };
		A7195F7C1E29F82E0089C1ED /* SingleBreweryMapStrategy.swift */ = {isa = PBXFileReference; fileEncoding = 4; lastKnownFileType = sourcecode.swift; path = SingleBreweryMapStrategy.swift; sourceTree = "<group>"; };
		A7195F7E1E2A1FEE0089C1ED /* SelfFetchingMapStrategyProtocol.swift */ = {isa = PBXFileReference; fileEncoding = 4; lastKnownFileType = sourcecode.swift; path = SelfFetchingMapStrategyProtocol.swift; sourceTree = "<group>"; };
		A7195F801E2AA7620089C1ED /* BreweryAndBeerStructs.swift */ = {isa = PBXFileReference; fileEncoding = 4; lastKnownFileType = sourcecode.swift; path = BreweryAndBeerStructs.swift; sourceTree = "<group>"; };
		A71DC9BD1DB2984C00AF81CD /* FavoriteBeersViewController.swift */ = {isa = PBXFileReference; fileEncoding = 4; lastKnownFileType = sourcecode.swift; path = FavoriteBeersViewController.swift; sourceTree = "<group>"; };
		A72B18431E3466D400D3DFF1 /* MapViewControllerExtensions.swift */ = {isa = PBXFileReference; fileEncoding = 4; lastKnownFileType = sourcecode.swift; path = MapViewControllerExtensions.swift; sourceTree = "<group>"; };
		A72B18451E346F2B00D3DFF1 /* CategoryViewControllerExtensions.swift */ = {isa = PBXFileReference; fileEncoding = 4; lastKnownFileType = sourcecode.swift; path = CategoryViewControllerExtensions.swift; sourceTree = "<group>"; };
		A72F749F1F2620D600306664 /* CoreDataStackTest.swift */ = {isa = PBXFileReference; fileEncoding = 4; lastKnownFileType = sourcecode.swift; name = CoreDataStackTest.swift; path = UnitTests/CoreDataStackTest.swift; sourceTree = "<group>"; };
		A7300C5B1EAF833E0029EBB6 /* search.png */ = {isa = PBXFileReference; lastKnownFileType = image.png; path = search.png; sourceTree = "<group>"; };
		A7300C5D1EAF844F0029EBB6 /* search25.png */ = {isa = PBXFileReference; lastKnownFileType = image.png; path = search25.png; sourceTree = "<group>"; };
		A7300C5E1EAF844F0029EBB6 /* search50.png */ = {isa = PBXFileReference; lastKnownFileType = image.png; path = search50.png; sourceTree = "<group>"; };
		A7300C611EAF86650029EBB6 /* README.md */ = {isa = PBXFileReference; fileEncoding = 4; lastKnownFileType = net.daringfireball.markdown; path = README.md; sourceTree = "<group>"; };
		A7300C631EAF88290029EBB6 /* TabbarConstants.swift */ = {isa = PBXFileReference; fileEncoding = 4; lastKnownFileType = sourcecode.swift; path = TabbarConstants.swift; sourceTree = "<group>"; };
		A7300C651EAF9D050029EBB6 /* DismissableHelpNavigationController.swift */ = {isa = PBXFileReference; fileEncoding = 4; lastKnownFileType = sourcecode.swift; path = DismissableHelpNavigationController.swift; sourceTree = "<group>"; };
		A7419ED71E2DBD3E006E421D /* BeersTabbaricon2x.png */ = {isa = PBXFileReference; lastKnownFileType = image.png; path = BeersTabbaricon2x.png; sourceTree = "<group>"; };
		A7419ED81E2DBD3E006E421D /* BeersTabbaricon3x.png */ = {isa = PBXFileReference; lastKnownFileType = image.png; path = BeersTabbaricon3x.png; sourceTree = "<group>"; };
		A741BF501E186DA6003958A4 /* OnlineSearchCapableProtocol.swift */ = {isa = PBXFileReference; fileEncoding = 4; lastKnownFileType = sourcecode.swift; path = OnlineSearchCapableProtocol.swift; sourceTree = "<group>"; };
		A741BF521E1877C3003958A4 /* ManagedObjectImageLinker.swift */ = {isa = PBXFileReference; fileEncoding = 4; lastKnownFileType = sourcecode.swift; path = ManagedObjectImageLinker.swift; sourceTree = "<group>"; };
		A743501A1DB78615007AE08C /* TableListProtocol.swift */ = {isa = PBXFileReference; fileEncoding = 4; lastKnownFileType = sourcecode.swift; path = TableListProtocol.swift; sourceTree = "<group>"; };
		A74350611DB7B0F6007AE08C /* StylesTableList.swift */ = {isa = PBXFileReference; fileEncoding = 4; lastKnownFileType = sourcecode.swift; path = StylesTableList.swift; sourceTree = "<group>"; };
		A74350631DB7D6D2007AE08C /* BreweryTableList.swift */ = {isa = PBXFileReference; fileEncoding = 4; lastKnownFileType = sourcecode.swift; path = BreweryTableList.swift; sourceTree = "<group>"; };
		A74350651DB8FBA1007AE08C /* Mediator.swift */ = {isa = PBXFileReference; fileEncoding = 4; lastKnownFileType = sourcecode.swift; path = Mediator.swift; sourceTree = "<group>"; };
		A74350671DB91454007AE08C /* NSManagedObjectDisplayable.swift */ = {isa = PBXFileReference; fileEncoding = 4; lastKnownFileType = sourcecode.swift; path = NSManagedObjectDisplayable.swift; sourceTree = "<group>"; };
		A74350711DBA7971007AE08C /* SelectedBeersViewModel.swift */ = {isa = PBXFileReference; fileEncoding = 4; lastKnownFileType = sourcecode.swift; path = SelectedBeersViewModel.swift; sourceTree = "<group>"; };
		A74350731DBAA17F007AE08C /* ObserverAndSubjectProtocol.swift */ = {isa = PBXFileReference; fileEncoding = 4; lastKnownFileType = sourcecode.swift; path = ObserverAndSubjectProtocol.swift; sourceTree = "<group>"; };
		A748FAD31DF6E95F005637BD /* MyTabBarController.swift */ = {isa = PBXFileReference; fileEncoding = 4; lastKnownFileType = sourcecode.swift; path = MyTabBarController.swift; sourceTree = "<group>"; };
		A748FAD51DF75316005637BD /* DismissableTutorialViewController.swift */ = {isa = PBXFileReference; fileEncoding = 4; lastKnownFileType = sourcecode.swift; path = DismissableTutorialViewController.swift; sourceTree = "<group>"; };
		A75160271E356AB50078F6F9 /* BeermugAnnotationView.swift */ = {isa = PBXFileReference; fileEncoding = 4; lastKnownFileType = sourcecode.swift; path = BeermugAnnotationView.swift; sourceTree = "<group>"; };
		A75160291E35AA250078F6F9 /* beermap.png */ = {isa = PBXFileReference; lastKnownFileType = image.png; path = beermap.png; sourceTree = "<group>"; };
		A751602B1E35C29D0078F6F9 /* MakePinView.swift */ = {isa = PBXFileReference; fileEncoding = 4; lastKnownFileType = sourcecode.swift; path = MakePinView.swift; sourceTree = "<group>"; wrapsLines = 1; };
		A751602D1E3638010078F6F9 /* StorableFloatingAnnotation.swift */ = {isa = PBXFileReference; fileEncoding = 4; lastKnownFileType = sourcecode.swift; path = StorableFloatingAnnotation.swift; sourceTree = "<group>"; };
		A752344C1DAEA666008EF071 /* SelectedBeersViewController.swift */ = {isa = PBXFileReference; fileEncoding = 4; lastKnownFileType = sourcecode.swift; name = SelectedBeersViewController.swift; path = ../SelectedBeersViewController.swift; sourceTree = "<group>"; };
		A752344E1DAEDB59008EF071 /* BeerDetailViewController.swift */ = {isa = PBXFileReference; fileEncoding = 4; lastKnownFileType = sourcecode.swift; path = BeerDetailViewController.swift; sourceTree = "<group>"; };
		A7563E601EB7EDBE00E93B93 /* WebpageUIButton.swift */ = {isa = PBXFileReference; fileEncoding = 4; lastKnownFileType = sourcecode.swift; path = WebpageUIButton.swift; sourceTree = "<group>"; };
		A7563E621EB7F84E00E93B93 /* FavoriteUIButton.swift */ = {isa = PBXFileReference; fileEncoding = 4; lastKnownFileType = sourcecode.swift; path = FavoriteUIButton.swift; sourceTree = "<group>"; };
		A75E23041F27AE7E0035D805 /* Exceptions.swift */ = {isa = PBXFileReference; fileEncoding = 4; lastKnownFileType = sourcecode.swift; path = Exceptions.swift; sourceTree = "<group>"; };
		A76006AF1F67741900511AAE /* TempBreweryTab.png */ = {isa = PBXFileReference; lastKnownFileType = image.png; path = TempBreweryTab.png; sourceTree = "<group>"; };
		A76006B11F67756A00511AAE /* NewBreweryTabbarIcon.png */ = {isa = PBXFileReference; lastKnownFileType = image.png; path = NewBreweryTabbarIcon.png; sourceTree = "<group>"; };
		A76006B31F67C07500511AAE /* Double beers.png */ = {isa = PBXFileReference; lastKnownFileType = image.png; path = "Double beers.png"; sourceTree = "<group>"; };
		A76006B51F67C1E600511AAE /* Double beers2.png */ = {isa = PBXFileReference; lastKnownFileType = image.png; path = "Double beers2.png"; sourceTree = "<group>"; };
		A7634E651E26EBB00066ACEF /* ParserProtocol.swift */ = {isa = PBXFileReference; fileEncoding = 4; lastKnownFileType = sourcecode.swift; path = ParserProtocol.swift; sourceTree = "<group>"; };
		A7634E671E26ED440066ACEF /* ParserFactory.swift */ = {isa = PBXFileReference; fileEncoding = 4; lastKnownFileType = sourcecode.swift; path = ParserFactory.swift; sourceTree = "<group>"; };
		A7634E691E2704A50066ACEF /* StylesParser.swift */ = {isa = PBXFileReference; fileEncoding = 4; lastKnownFileType = sourcecode.swift; path = StylesParser.swift; sourceTree = "<group>"; };
		A7634E6C1E2708E30066ACEF /* BreweriesParser.swift */ = {isa = PBXFileReference; fileEncoding = 4; lastKnownFileType = sourcecode.swift; path = BreweriesParser.swift; sourceTree = "<group>"; };
		A7634E6E1E2723F20066ACEF /* BreweryDesignerProtocol.swift */ = {isa = PBXFileReference; fileEncoding = 4; lastKnownFileType = sourcecode.swift; path = BreweryDesignerProtocol.swift; sourceTree = "<group>"; };
		A7634E701E2730F70066ACEF /* BeerDesignerProtocol.swift */ = {isa = PBXFileReference; fileEncoding = 4; lastKnownFileType = sourcecode.swift; path = BeerDesignerProtocol.swift; sourceTree = "<group>"; };
		A7634E721E2734770066ACEF /* BeersFollowedByBreweriesParser.swift */ = {isa = PBXFileReference; fileEncoding = 4; lastKnownFileType = sourcecode.swift; path = BeersFollowedByBreweriesParser.swift; sourceTree = "<group>"; };
		A7634E741E27354B0066ACEF /* BeersByBreweryIDParser.swift */ = {isa = PBXFileReference; fileEncoding = 4; lastKnownFileType = sourcecode.swift; path = BeersByBreweryIDParser.swift; sourceTree = "<group>"; };
		A7634E761E2762410066ACEF /* AllBeersViewModel.swift */ = {isa = PBXFileReference; fileEncoding = 4; lastKnownFileType = sourcecode.swift; path = AllBeersViewModel.swift; sourceTree = "<group>"; };
		A7634E781E282D740066ACEF /* GenericBeersViewModel.swift */ = {isa = PBXFileReference; fileEncoding = 4; lastKnownFileType = sourcecode.swift; path = GenericBeersViewModel.swift; sourceTree = "<group>"; };
		A76897C71EB7896F00C47FF3 /* BreweryCustomCallout.xib */ = {isa = PBXFileReference; fileEncoding = 4; lastKnownFileType = file.xib; path = BreweryCustomCallout.xib; sourceTree = "<group>"; };
		A76897C91EB78C1000C47FF3 /* BreweryCustomCalloutView.swift */ = {isa = PBXFileReference; fileEncoding = 4; lastKnownFileType = sourcecode.swift; path = BreweryCustomCalloutView.swift; sourceTree = "<group>"; };
		A76897CB1EB78E0800C47FF3 /* BreweryAnnotation.swift */ = {isa = PBXFileReference; fileEncoding = 4; lastKnownFileType = sourcecode.swift; path = BreweryAnnotation.swift; sourceTree = "<group>"; };
		A76B3B8A1DB0C03700B0A899 /* Launch Screen.storyboard */ = {isa = PBXFileReference; fileEncoding = 4; lastKnownFileType = file.storyboard; path = "Launch Screen.storyboard"; sourceTree = "<group>"; };
		A76B3B8C1DB0C5A200B0A899 /* BeerLaunchImage.png */ = {isa = PBXFileReference; lastKnownFileType = image.png; path = BeerLaunchImage.png; sourceTree = "<group>"; };
		A76B3B8E1DB0E00D00B0A899 /* heart_icon.pdf */ = {isa = PBXFileReference; lastKnownFileType = image.pdf; path = heart_icon.pdf; sourceTree = "<group>"; };
		A76B3B8F1DB0E00D00B0A899 /* heart_icon_black_white_line_art.pdf */ = {isa = PBXFileReference; lastKnownFileType = image.pdf; path = heart_icon_black_white_line_art.pdf; sourceTree = "<group>"; };
		A77364F81F196F9D00E4FD11 /* Aclonica.ttf */ = {isa = PBXFileReference; lastKnownFileType = file; path = Aclonica.ttf; sourceTree = "<group>"; };
		A77364F91F196F9D00E4FD11 /* LICENSE.txt */ = {isa = PBXFileReference; fileEncoding = 4; lastKnownFileType = text; path = LICENSE.txt; sourceTree = "<group>"; };
		A77364FB1F196F9D00E4FD11 /* AlfaSlabOne-Regular.ttf */ = {isa = PBXFileReference; lastKnownFileType = file; path = "AlfaSlabOne-Regular.ttf"; sourceTree = "<group>"; };
		A77364FC1F196F9D00E4FD11 /* OFL.txt */ = {isa = PBXFileReference; fileEncoding = 4; lastKnownFileType = text; path = OFL.txt; sourceTree = "<group>"; };
		A77364FE1F196F9D00E4FD11 /* BalooTamma-Regular.ttf */ = {isa = PBXFileReference; lastKnownFileType = file; path = "BalooTamma-Regular.ttf"; sourceTree = "<group>"; };
		A77364FF1F196F9D00E4FD11 /* OFL.txt */ = {isa = PBXFileReference; fileEncoding = 4; lastKnownFileType = text; path = OFL.txt; sourceTree = "<group>"; };
		A77365011F196F9D00E4FD11 /* BungeeInline-Regular.ttf */ = {isa = PBXFileReference; lastKnownFileType = file; path = "BungeeInline-Regular.ttf"; sourceTree = "<group>"; };
		A77365021F196F9D00E4FD11 /* OFL.txt */ = {isa = PBXFileReference; fileEncoding = 4; lastKnownFileType = text; path = OFL.txt; sourceTree = "<group>"; };
		A77365041F196F9D00E4FD11 /* Comfortaa-Bold.ttf */ = {isa = PBXFileReference; lastKnownFileType = file; path = "Comfortaa-Bold.ttf"; sourceTree = "<group>"; };
		A77365051F196F9D00E4FD11 /* Comfortaa-Light.ttf */ = {isa = PBXFileReference; lastKnownFileType = file; path = "Comfortaa-Light.ttf"; sourceTree = "<group>"; };
		A77365061F196F9D00E4FD11 /* Comfortaa-Regular.ttf */ = {isa = PBXFileReference; lastKnownFileType = file; path = "Comfortaa-Regular.ttf"; sourceTree = "<group>"; };
		A77365071F196F9D00E4FD11 /* OFL.txt */ = {isa = PBXFileReference; fileEncoding = 4; lastKnownFileType = text; path = OFL.txt; sourceTree = "<group>"; };
		A77365091F196F9D00E4FD11 /* DaysOne-Regular.ttf */ = {isa = PBXFileReference; lastKnownFileType = file; path = "DaysOne-Regular.ttf"; sourceTree = "<group>"; };
		A773650A1F196F9D00E4FD11 /* OFL.txt */ = {isa = PBXFileReference; fileEncoding = 4; lastKnownFileType = text; path = OFL.txt; sourceTree = "<group>"; };
		A773650C1F196F9D00E4FD11 /* FasterOne-Regular.ttf */ = {isa = PBXFileReference; lastKnownFileType = file; path = "FasterOne-Regular.ttf"; sourceTree = "<group>"; };
		A773650D1F196F9D00E4FD11 /* OFL.txt */ = {isa = PBXFileReference; fileEncoding = 4; lastKnownFileType = text; path = OFL.txt; sourceTree = "<group>"; };
		A773650F1F196F9D00E4FD11 /* HanaleiFill-Regular.ttf */ = {isa = PBXFileReference; lastKnownFileType = file; path = "HanaleiFill-Regular.ttf"; sourceTree = "<group>"; };
		A77365101F196F9D00E4FD11 /* OFL.txt */ = {isa = PBXFileReference; fileEncoding = 4; lastKnownFileType = text; path = OFL.txt; sourceTree = "<group>"; };
		A77365121F196F9D00E4FD11 /* KumarOneOutline-Regular.ttf */ = {isa = PBXFileReference; lastKnownFileType = file; path = "KumarOneOutline-Regular.ttf"; sourceTree = "<group>"; };
		A77365131F196F9D00E4FD11 /* OFL.txt */ = {isa = PBXFileReference; fileEncoding = 4; lastKnownFileType = text; path = OFL.txt; sourceTree = "<group>"; };
		A77365151F196F9D00E4FD11 /* LICENSE.txt */ = {isa = PBXFileReference; fileEncoding = 4; lastKnownFileType = text; path = LICENSE.txt; sourceTree = "<group>"; };
		A77365161F196F9D00E4FD11 /* LuckiestGuy.ttf */ = {isa = PBXFileReference; lastKnownFileType = file; path = LuckiestGuy.ttf; sourceTree = "<group>"; };
		A77365181F196F9D00E4FD11 /* OFL.txt */ = {isa = PBXFileReference; fileEncoding = 4; lastKnownFileType = text; path = OFL.txt; sourceTree = "<group>"; };
		A77365191F196F9D00E4FD11 /* PirataOne-Regular.ttf */ = {isa = PBXFileReference; lastKnownFileType = file; path = "PirataOne-Regular.ttf"; sourceTree = "<group>"; };
		A773651B1F196F9D00E4FD11 /* OFL.txt */ = {isa = PBXFileReference; fileEncoding = 4; lastKnownFileType = text; path = OFL.txt; sourceTree = "<group>"; };
		A773651C1F196F9D00E4FD11 /* Righteous-Regular.ttf */ = {isa = PBXFileReference; lastKnownFileType = file; path = "Righteous-Regular.ttf"; sourceTree = "<group>"; };
		A773651E1F196F9D00E4FD11 /* OFL.txt */ = {isa = PBXFileReference; fileEncoding = 4; lastKnownFileType = text; path = OFL.txt; sourceTree = "<group>"; };
		A773651F1F196F9D00E4FD11 /* Shrikhand-Regular.ttf */ = {isa = PBXFileReference; lastKnownFileType = file; path = "Shrikhand-Regular.ttf"; sourceTree = "<group>"; };
		A77785E41FA6786800846B15 /* Assets.xcassets */ = {isa = PBXFileReference; lastKnownFileType = folder.assetcatalog; path = Assets.xcassets; sourceTree = "<group>"; };
		A77DEEB81E1B4EA80054F95C /* JustUserAndFloatingPinAnnotationView.swift */ = {isa = PBXFileReference; fileEncoding = 4; lastKnownFileType = sourcecode.swift; path = JustUserAndFloatingPinAnnotationView.swift; sourceTree = "<group>"; };
		A77E0C021DF9ECBF0007E55F /* GlobalConstants.swift */ = {isa = PBXFileReference; fileEncoding = 4; lastKnownFileType = sourcecode.swift; path = GlobalConstants.swift; sourceTree = "<group>"; };
		A77FEBF61E15FE0E00A4F1B0 /* BreweryAndBeerCreationQueue.swift */ = {isa = PBXFileReference; fileEncoding = 4; lastKnownFileType = sourcecode.swift; path = BreweryAndBeerCreationQueue.swift; sourceTree = "<group>"; };
		A78CD4651FA68D0D00BE99DF /* SwiftyBeaver.framework */ = {isa = PBXFileReference; explicitFileType = wrapper.framework; path = SwiftyBeaver.framework; sourceTree = BUILT_PRODUCTS_DIR; };
		A78CD46A1FA68DAA00BE99DF /* SwiftyBeaver.framework */ = {isa = PBXFileReference; explicitFileType = wrapper.framework; path = SwiftyBeaver.framework; sourceTree = BUILT_PRODUCTS_DIR; };
		A78FBB5D1E2FF0DC00AE93A8 /* BusyObserversProtocol.swift */ = {isa = PBXFileReference; fileEncoding = 4; lastKnownFileType = sourcecode.swift; path = BusyObserversProtocol.swift; sourceTree = "<group>"; };
		A78FBC4A1E38BE75003D49B6 /* BreweriesByStateParser.swift */ = {isa = PBXFileReference; fileEncoding = 4; lastKnownFileType = sourcecode.swift; path = BreweriesByStateParser.swift; sourceTree = "<group>"; };
		A78FBC4C1E38D0F9003D49B6 /* ConvertToFullStateName.swift */ = {isa = PBXFileReference; fileEncoding = 4; lastKnownFileType = sourcecode.swift; name = ConvertToFullStateName.swift; path = ../View/ConvertToFullStateName.swift; sourceTree = "<group>"; };
		A794A68A1E2E2B6800797180 /* Nophoto.png */ = {isa = PBXFileReference; lastKnownFileType = image.png; path = Nophoto.png; sourceTree = "<group>"; };
		A79EB6F11E308AA000C54D43 /* Alamofire.framework */ = {isa = PBXFileReference; lastKnownFileType = wrapper.framework; name = Alamofire.framework; path = "DerivedData/BreweryTour/Build/Products/Debug-iphonesimulator/Alamofire/Alamofire.framework"; sourceTree = "<group>"; };
		A79EB6F31E308AB600C54D43 /* MapKit.framework */ = {isa = PBXFileReference; lastKnownFileType = wrapper.framework; name = MapKit.framework; path = System/Library/Frameworks/MapKit.framework; sourceTree = SDKROOT; };
		A79EB7011E30D2AA00C54D43 /* AppIcon.png */ = {isa = PBXFileReference; lastKnownFileType = image.png; path = AppIcon.png; sourceTree = "<group>"; };
		A79EB7021E30D2AA00C54D43 /* AppIcon20.png */ = {isa = PBXFileReference; lastKnownFileType = image.png; path = AppIcon20.png; sourceTree = "<group>"; };
		A79EB7031E30D2AA00C54D43 /* AppIcon29.png */ = {isa = PBXFileReference; lastKnownFileType = image.png; path = AppIcon29.png; sourceTree = "<group>"; };
		A79EB7041E30D2AA00C54D43 /* AppIcon40.png */ = {isa = PBXFileReference; lastKnownFileType = image.png; path = AppIcon40.png; sourceTree = "<group>"; };
		A79EB7051E30D2AA00C54D43 /* AppIcon58.png */ = {isa = PBXFileReference; lastKnownFileType = image.png; path = AppIcon58.png; sourceTree = "<group>"; };
		A79EB7061E30D2AA00C54D43 /* AppIcon60.png */ = {isa = PBXFileReference; lastKnownFileType = image.png; path = AppIcon60.png; sourceTree = "<group>"; };
		A79EB7071E30D2AA00C54D43 /* AppIcon76.png */ = {isa = PBXFileReference; lastKnownFileType = image.png; path = AppIcon76.png; sourceTree = "<group>"; };
		A79EB7081E30D2AA00C54D43 /* AppIcon80.png */ = {isa = PBXFileReference; lastKnownFileType = image.png; path = AppIcon80.png; sourceTree = "<group>"; };
		A79EB7091E30D2AA00C54D43 /* AppIcon84.png */ = {isa = PBXFileReference; lastKnownFileType = image.png; path = AppIcon84.png; sourceTree = "<group>"; };
		A79EB70A1E30D2AA00C54D43 /* AppIcon87.png */ = {isa = PBXFileReference; lastKnownFileType = image.png; path = AppIcon87.png; sourceTree = "<group>"; };
		A79EB70B1E30D2AA00C54D43 /* AppIcon120.png */ = {isa = PBXFileReference; lastKnownFileType = image.png; path = AppIcon120.png; sourceTree = "<group>"; };
		A79EB70C1E30D2AA00C54D43 /* AppIcon152.png */ = {isa = PBXFileReference; lastKnownFileType = image.png; path = AppIcon152.png; sourceTree = "<group>"; };
		A79EB70D1E30D2AA00C54D43 /* AppIcon167.png */ = {isa = PBXFileReference; lastKnownFileType = image.png; path = AppIcon167.png; sourceTree = "<group>"; };
		A79EB70E1E30D2AA00C54D43 /* AppIcon180.png */ = {isa = PBXFileReference; lastKnownFileType = image.png; path = AppIcon180.png; sourceTree = "<group>"; };
		A7A69D561DA8938F00E47C8E /* CoreDataStack.swift */ = {isa = PBXFileReference; fileEncoding = 4; lastKnownFileType = sourcecode.swift; path = CoreDataStack.swift; sourceTree = "<group>"; };
		A7B2AADB1DA791A400EE844C /* BreweryTour.app */ = {isa = PBXFileReference; explicitFileType = wrapper.application; includeInIndex = 0; path = BreweryTour.app; sourceTree = BUILT_PRODUCTS_DIR; };
		A7B2AADE1DA791A400EE844C /* AppDelegate.swift */ = {isa = PBXFileReference; lastKnownFileType = sourcecode.swift; path = AppDelegate.swift; sourceTree = "<group>"; };
		A7B2AAE01DA791A400EE844C /* CategoryViewController.swift */ = {isa = PBXFileReference; lastKnownFileType = sourcecode.swift; name = CategoryViewController.swift; path = ../CategoryViewController.swift; sourceTree = "<group>"; };
		A7B2AAE31DA791A400EE844C /* Base */ = {isa = PBXFileReference; lastKnownFileType = file.storyboard; name = Base; path = Base.lproj/Main.storyboard; sourceTree = "<group>"; };
		A7B2AAE61DA791A400EE844C /* BreweryTour.xcdatamodel */ = {isa = PBXFileReference; lastKnownFileType = wrapper.xcdatamodel; path = BreweryTour.xcdatamodel; sourceTree = "<group>"; };
		A7B2AAED1DA791A400EE844C /* Info.plist */ = {isa = PBXFileReference; lastKnownFileType = text.plist.xml; path = Info.plist; sourceTree = "<group>"; };
		A7B2AAF21DA791A400EE844C /* BreweryTourTests.xctest */ = {isa = PBXFileReference; explicitFileType = wrapper.cfbundle; includeInIndex = 0; path = BreweryTourTests.xctest; sourceTree = BUILT_PRODUCTS_DIR; };
		A7B2AAF81DA791A400EE844C /* Info.plist */ = {isa = PBXFileReference; lastKnownFileType = text.plist.xml; path = Info.plist; sourceTree = "<group>"; };
		A7B2AAFD1DA791A400EE844C /* BreweryTourUITests.xctest */ = {isa = PBXFileReference; explicitFileType = wrapper.cfbundle; includeInIndex = 0; path = BreweryTourUITests.xctest; sourceTree = BUILT_PRODUCTS_DIR; };
		A7B2AB011DA791A400EE844C /* BreweryTourUITests.swift */ = {isa = PBXFileReference; lastKnownFileType = sourcecode.swift; path = BreweryTourUITests.swift; sourceTree = "<group>"; };
		A7B2AB031DA791A400EE844C /* Info.plist */ = {isa = PBXFileReference; lastKnownFileType = text.plist.xml; path = Info.plist; sourceTree = "<group>"; };
		A7B2AB0F1DA7965F00EE844C /* BreweryDBClient.swift */ = {isa = PBXFileReference; fileEncoding = 4; lastKnownFileType = sourcecode.swift; path = BreweryDBClient.swift; sourceTree = "<group>"; };
		A7B7524D1DA8CE7B00117ED0 /* MapViewController.swift */ = {isa = PBXFileReference; fileEncoding = 4; lastKnownFileType = sourcecode.swift; name = MapViewController.swift; path = ../../ViewModels/MapViewController/MapViewController.swift; sourceTree = "<group>"; };
		A7D227231DB4D90D00360A3B /* BreweryTabbarIcon.png */ = {isa = PBXFileReference; lastKnownFileType = image.png; path = BreweryTabbarIcon.png; sourceTree = "<group>"; };
		A7D227281DB55F3700360A3B /* small_heart_icon_black_white_line_art.png */ = {isa = PBXFileReference; lastKnownFileType = image.png; name = small_heart_icon_black_white_line_art.png; path = BreweryTour/Assets/small_heart_icon_black_white_line_art.png; sourceTree = SOURCE_ROOT; };
		A7D227291DB55F3700360A3B /* small_heart_icon.png */ = {isa = PBXFileReference; lastKnownFileType = image.png; name = small_heart_icon.png; path = BreweryTour/Assets/small_heart_icon.png; sourceTree = SOURCE_ROOT; };
		A7D2272C1DB5620300360A3B /* FavoriteBreweriesViewController.swift */ = {isa = PBXFileReference; fileEncoding = 4; lastKnownFileType = sourcecode.swift; path = FavoriteBreweriesViewController.swift; sourceTree = "<group>"; };
		A7D3B8961E19930E0017E5AE /* ManagedObjectContextRefreshProtocols.swift */ = {isa = PBXFileReference; fileEncoding = 4; lastKnownFileType = sourcecode.swift; path = ManagedObjectContextRefreshProtocols.swift; sourceTree = "<group>"; };
		A7DDC3F61DCC24080077F34A /* BeersTabbaricon2.png */ = {isa = PBXFileReference; lastKnownFileType = image.png; path = BeersTabbaricon2.png; sourceTree = "<group>"; };
		A7DDC3F81DCC3A770077F34A /* BreweryDBClientConstants.swift */ = {isa = PBXFileReference; fileEncoding = 4; lastKnownFileType = sourcecode.swift; path = BreweryDBClientConstants.swift; sourceTree = "<group>"; };
		A7E3E00E1E0B9B1E0068ED48 /* KeyboardExtension.swift */ = {isa = PBXFileReference; fileEncoding = 4; lastKnownFileType = sourcecode.swift; path = KeyboardExtension.swift; sourceTree = "<group>"; };
		A7E932511E0A42F500E07F53 /* AllBreweriesTableList.swift */ = {isa = PBXFileReference; fileEncoding = 4; lastKnownFileType = sourcecode.swift; path = AllBreweriesTableList.swift; sourceTree = "<group>"; };
		A7FBF25D1F2CF1870072CF84 /* MappingStrategyTests.swift */ = {isa = PBXFileReference; fileEncoding = 4; lastKnownFileType = sourcecode.swift; name = MappingStrategyTests.swift; path = UnitTests/MappingStrategyTests.swift; sourceTree = "<group>"; };
		A7FF1A061DB0E67E00AD0BB3 /* heart_icon.png */ = {isa = PBXFileReference; lastKnownFileType = image.png; path = heart_icon.png; sourceTree = "<group>"; };
		A7FF1A081DB0E68500AD0BB3 /* heart_icon_black_white_line_art.png */ = {isa = PBXFileReference; lastKnownFileType = image.png; path = heart_icon_black_white_line_art.png; sourceTree = "<group>"; };
		C23C61975D032ABC404F3BC0 /* Pods-BreweryTour.release.xcconfig */ = {isa = PBXFileReference; includeInIndex = 1; lastKnownFileType = text.xcconfig; name = "Pods-BreweryTour.release.xcconfig"; path = "Pods/Target Support Files/Pods-BreweryTour/Pods-BreweryTour.release.xcconfig"; sourceTree = "<group>"; };
		E9EC7BBC7977680F92446772 /* Pods_BreweryTour.framework */ = {isa = PBXFileReference; explicitFileType = wrapper.framework; includeInIndex = 0; path = Pods_BreweryTour.framework; sourceTree = BUILT_PRODUCTS_DIR; };
/* End PBXFileReference section */

/* Begin PBXFrameworksBuildPhase section */
		A7B2AAD81DA791A400EE844C /* Frameworks */ = {
			isa = PBXFrameworksBuildPhase;
			buildActionMask = 2147483647;
			files = (
				A79EB6F21E308AA000C54D43 /* Alamofire.framework in Frameworks */,
				A79EB6F41E308AB600C54D43 /* MapKit.framework in Frameworks */,
				5CEC755E8F1CEA8794EB7D7E /* Pods_BreweryTour.framework in Frameworks */,
				B5099DAAA705F74156A14443 /* Pods_BreweryTour.framework in Frameworks */,
			);
			runOnlyForDeploymentPostprocessing = 0;
		};
		A7B2AAEF1DA791A400EE844C /* Frameworks */ = {
			isa = PBXFrameworksBuildPhase;
			buildActionMask = 2147483647;
			files = (
			);
			runOnlyForDeploymentPostprocessing = 0;
		};
		A7B2AAFA1DA791A400EE844C /* Frameworks */ = {
			isa = PBXFrameworksBuildPhase;
			buildActionMask = 2147483647;
			files = (
			);
			runOnlyForDeploymentPostprocessing = 0;
		};
/* End PBXFrameworksBuildPhase section */

/* Begin PBXGroup section */
		0759C63C724A3DC1C169FFB2 /* Frameworks */ = {
			isa = PBXGroup;
			children = (
				A79EB6F31E308AB600C54D43 /* MapKit.framework */,
				A79EB6F11E308AA000C54D43 /* Alamofire.framework */,
				E9EC7BBC7977680F92446772 /* Pods_BreweryTour.framework */,
			);
			name = Frameworks;
			path = ..;
			sourceTree = "<group>";
		};
		6301427BDE1777342CFB3F03 /* Pods */ = {
			isa = PBXGroup;
			children = (
				5D930397D4795650DD413457 /* Pods-BreweryTour.debug.xcconfig */,
				1CA52274A841A73EF6B91291 /* Pods-BreweryTour.release.xcconfig */,
			);
			name = Pods;
			sourceTree = "<group>";
		};
		A727D1451DA918D20063F2B3 /* Controller */ = {
			isa = PBXGroup;
			children = (
				A7300C671EAFBBA90029EBB6 /* MapViewController */,
				A7B7524D1DA8CE7B00117ED0 /* MapViewController.swift */,
				A752344C1DAEA666008EF071 /* SelectedBeersViewController.swift */,
				A7300C651EAF9D050029EBB6 /* DismissableHelpNavigationController.swift */,
				A748FAD51DF75316005637BD /* DismissableTutorialViewController.swift */,
				A7300C631EAF88290029EBB6 /* TabbarConstants.swift */,
				A752344E1DAEDB59008EF071 /* BeerDetailViewController.swift */,
				A748FAD31DF6E95F005637BD /* MyTabBarController.swift */,
				A7189CFA1DFDD487001409FA /* SettingsViewController.swift */,
				A7B2AAE01DA791A400EE844C /* CategoryViewController.swift */,
			);
			path = Controller;
			sourceTree = "<group>";
		};
		A727D1461DA918E90063F2B3 /* Model */ = {
			isa = PBXGroup;
			children = (
				A7A69D561DA8938F00E47C8E /* CoreDataStack.swift */,
				A7B2AB0F1DA7965F00EE844C /* BreweryDBClient.swift */,
				A7DDC3F81DCC3A770077F34A /* BreweryDBClientConstants.swift */,
				A77FEBF61E15FE0E00A4F1B0 /* BreweryAndBeerCreationQueue.swift */,
				A7195F801E2AA7620089C1ED /* BreweryAndBeerStructs.swift */,
				A741BF521E1877C3003958A4 /* ManagedObjectImageLinker.swift */,
				A7634E6B1E2704DE0066ACEF /* Parsers */,
				A7D3B8921E18A3810017E5AE /* ModelProtocols */,
				A741BF491E16FD93003958A4 /* XcodegeneratedFiles */,
			);
			path = Model;
			sourceTree = "<group>";
		};
		A72C979B1E2C5AE600C711B6 /* MapViewControllerMapPresentationStrategies */ = {
			isa = PBXGroup;
			children = (
				A7195F7A1E29EEDD0089C1ED /* MapProtocols.swift */,
				A7195F7C1E29F82E0089C1ED /* SingleBreweryMapStrategy.swift */,
				A7195F7E1E2A1FEE0089C1ED /* SelfFetchingMapStrategyProtocol.swift */,
			);
			name = MapViewControllerMapPresentationStrategies;
			path = MapPresentationStrategies;
			sourceTree = "<group>";
		};
		A7300C671EAFBBA90029EBB6 /* MapViewController */ = {
			isa = PBXGroup;
			children = (
				A72B18431E3466D400D3DFF1 /* MapViewControllerExtensions.swift */,
			);
			name = MapViewController;
			path = ../../ViewModels/MapViewController;
			sourceTree = "<group>";
		};
		A741BF491E16FD93003958A4 /* XcodegeneratedFiles */ = {
			isa = PBXGroup;
			children = (
				A709268F1F323C0300EB3BA2 /* Beer.swift */,
				A709268D1F32377800EB3BA2 /* Brewery.swift */,
				A70926911F323C9700EB3BA2 /* Style.swift */,
			);
			name = XcodegeneratedFiles;
			path = ../XcodegeneratedFiles;
			sourceTree = "<group>";
		};
		A7634E6B1E2704DE0066ACEF /* Parsers */ = {
			isa = PBXGroup;
			children = (
				A7634E651E26EBB00066ACEF /* ParserProtocol.swift */,
				A7634E671E26ED440066ACEF /* ParserFactory.swift */,
				A7634E721E2734770066ACEF /* BeersFollowedByBreweriesParser.swift */,
				A7634E741E27354B0066ACEF /* BeersByBreweryIDParser.swift */,
				A7634E6C1E2708E30066ACEF /* BreweriesParser.swift */,
				A78FBC4A1E38BE75003D49B6 /* BreweriesByStateParser.swift */,
				A7634E691E2704A50066ACEF /* StylesParser.swift */,
			);
			path = Parsers;
			sourceTree = "<group>";
		};
		A77364F61F196F9D00E4FD11 /* fonts */ = {
			isa = PBXGroup;
			children = (
				A77364F71F196F9D00E4FD11 /* Aclonica */,
				A77364FA1F196F9D00E4FD11 /* Alfa_Slab_One */,
				A77364FD1F196F9D00E4FD11 /* Baloo_Tamma */,
				A77365001F196F9D00E4FD11 /* Bungee_Inline */,
				A77365031F196F9D00E4FD11 /* Comfortaa */,
				A77365081F196F9D00E4FD11 /* Days_One */,
				A773650B1F196F9D00E4FD11 /* Faster_One */,
				A773650E1F196F9D00E4FD11 /* Hanalei_Fill */,
				A77365111F196F9D00E4FD11 /* Kumar_One_Outline */,
				A77365141F196F9D00E4FD11 /* Luckiest_Guy */,
				A77365171F196F9D00E4FD11 /* Pirata_One */,
				A773651A1F196F9D00E4FD11 /* Righteous */,
				A773651D1F196F9D00E4FD11 /* Shrikhand */,
			);
			path = fonts;
			sourceTree = SOURCE_ROOT;
		};
		A77364F71F196F9D00E4FD11 /* Aclonica */ = {
			isa = PBXGroup;
			children = (
				A77364F81F196F9D00E4FD11 /* Aclonica.ttf */,
				A77364F91F196F9D00E4FD11 /* LICENSE.txt */,
			);
			path = Aclonica;
			sourceTree = "<group>";
		};
		A77364FA1F196F9D00E4FD11 /* Alfa_Slab_One */ = {
			isa = PBXGroup;
			children = (
				A77364FB1F196F9D00E4FD11 /* AlfaSlabOne-Regular.ttf */,
				A77364FC1F196F9D00E4FD11 /* OFL.txt */,
			);
			path = Alfa_Slab_One;
			sourceTree = "<group>";
		};
		A77364FD1F196F9D00E4FD11 /* Baloo_Tamma */ = {
			isa = PBXGroup;
			children = (
				A77364FE1F196F9D00E4FD11 /* BalooTamma-Regular.ttf */,
				A77364FF1F196F9D00E4FD11 /* OFL.txt */,
			);
			path = Baloo_Tamma;
			sourceTree = "<group>";
		};
		A77365001F196F9D00E4FD11 /* Bungee_Inline */ = {
			isa = PBXGroup;
			children = (
				A77365011F196F9D00E4FD11 /* BungeeInline-Regular.ttf */,
				A77365021F196F9D00E4FD11 /* OFL.txt */,
			);
			path = Bungee_Inline;
			sourceTree = "<group>";
		};
		A77365031F196F9D00E4FD11 /* Comfortaa */ = {
			isa = PBXGroup;
			children = (
				A77365041F196F9D00E4FD11 /* Comfortaa-Bold.ttf */,
				A77365051F196F9D00E4FD11 /* Comfortaa-Light.ttf */,
				A77365061F196F9D00E4FD11 /* Comfortaa-Regular.ttf */,
				A77365071F196F9D00E4FD11 /* OFL.txt */,
			);
			path = Comfortaa;
			sourceTree = "<group>";
		};
		A77365081F196F9D00E4FD11 /* Days_One */ = {
			isa = PBXGroup;
			children = (
				A77365091F196F9D00E4FD11 /* DaysOne-Regular.ttf */,
				A773650A1F196F9D00E4FD11 /* OFL.txt */,
			);
			path = Days_One;
			sourceTree = "<group>";
		};
		A773650B1F196F9D00E4FD11 /* Faster_One */ = {
			isa = PBXGroup;
			children = (
				A773650C1F196F9D00E4FD11 /* FasterOne-Regular.ttf */,
				A773650D1F196F9D00E4FD11 /* OFL.txt */,
			);
			path = Faster_One;
			sourceTree = "<group>";
		};
		A773650E1F196F9D00E4FD11 /* Hanalei_Fill */ = {
			isa = PBXGroup;
			children = (
				A773650F1F196F9D00E4FD11 /* HanaleiFill-Regular.ttf */,
				A77365101F196F9D00E4FD11 /* OFL.txt */,
			);
			path = Hanalei_Fill;
			sourceTree = "<group>";
		};
		A77365111F196F9D00E4FD11 /* Kumar_One_Outline */ = {
			isa = PBXGroup;
			children = (
				A77365121F196F9D00E4FD11 /* KumarOneOutline-Regular.ttf */,
				A77365131F196F9D00E4FD11 /* OFL.txt */,
			);
			path = Kumar_One_Outline;
			sourceTree = "<group>";
		};
		A77365141F196F9D00E4FD11 /* Luckiest_Guy */ = {
			isa = PBXGroup;
			children = (
				A77365151F196F9D00E4FD11 /* LICENSE.txt */,
				A77365161F196F9D00E4FD11 /* LuckiestGuy.ttf */,
			);
			path = Luckiest_Guy;
			sourceTree = "<group>";
		};
		A77365171F196F9D00E4FD11 /* Pirata_One */ = {
			isa = PBXGroup;
			children = (
				A77365181F196F9D00E4FD11 /* OFL.txt */,
				A77365191F196F9D00E4FD11 /* PirataOne-Regular.ttf */,
			);
			path = Pirata_One;
			sourceTree = "<group>";
		};
		A773651A1F196F9D00E4FD11 /* Righteous */ = {
			isa = PBXGroup;
			children = (
				A773651B1F196F9D00E4FD11 /* OFL.txt */,
				A773651C1F196F9D00E4FD11 /* Righteous-Regular.ttf */,
			);
			path = Righteous;
			sourceTree = "<group>";
		};
		A773651D1F196F9D00E4FD11 /* Shrikhand */ = {
			isa = PBXGroup;
			children = (
				A773651E1F196F9D00E4FD11 /* OFL.txt */,
				A773651F1F196F9D00E4FD11 /* Shrikhand-Regular.ttf */,
			);
			path = Shrikhand;
			sourceTree = "<group>";
		};
		A77DEEBA1E1C66960054F95C /* CategoryViewControllerViewModels */ = {
			isa = PBXGroup;
			children = (
				A74350611DB7B0F6007AE08C /* StylesTableList.swift */,
				A72B18451E346F2B00D3DFF1 /* CategoryViewControllerExtensions.swift */,
				A74350631DB7D6D2007AE08C /* BreweryTableList.swift */,
				A7E932511E0A42F500E07F53 /* AllBreweriesTableList.swift */,
			);
			path = CategoryViewControllerViewModels;
			sourceTree = "<group>";
		};
		A7B2AAD21DA791A300EE844C = {
			isa = PBXGroup;
			children = (
				A78CD4651FA68D0D00BE99DF /* SwiftyBeaver.framework */,
				A7300C611EAF86650029EBB6 /* README.md */,
				A7B2AADD1DA791A400EE844C /* BreweryTour */,
				A7B2AAF51DA791A400EE844C /* BreweryTourTests */,
				A7B2AB001DA791A400EE844C /* BreweryTourUITests */,
				A7B2AADC1DA791A400EE844C /* Products */,
				6301427BDE1777342CFB3F03 /* Pods */,
				F31E85EDAD6C7B0ACBB4C070 /* Frameworks */,
			);
			sourceTree = "<group>";
		};
		A7B2AADC1DA791A400EE844C /* Products */ = {
			isa = PBXGroup;
			children = (
				A7B2AADB1DA791A400EE844C /* BreweryTour.app */,
				A7B2AAF21DA791A400EE844C /* BreweryTourTests.xctest */,
				A7B2AAFD1DA791A400EE844C /* BreweryTourUITests.xctest */,
			);
			name = Products;
			sourceTree = "<group>";
		};
		A7B2AADD1DA791A400EE844C /* BreweryTour */ = {
			isa = PBXGroup;
			children = (
				A77364F61F196F9D00E4FD11 /* fonts */,
				A77E0C021DF9ECBF0007E55F /* GlobalConstants.swift */,
				A7B2AADE1DA791A400EE844C /* AppDelegate.swift */,
				A74350651DB8FBA1007AE08C /* Mediator.swift */,
				A75E23041F27AE7E0035D805 /* Exceptions.swift */,
				A7D999511F1887AE00F5DE72 /* ViewModels */,
				A7D999501F185C9300F5DE72 /* View */,
				A727D1461DA918E90063F2B3 /* Model */,
				A7FF1A031DB0E14600AD0BB3 /* Assets */,
				A7B2AAE51DA791A400EE844C /* BreweryTour.xcdatamodeld */,
				D5D33C56AFBB3BA146A78187 /* Pods */,
			);
			path = BreweryTour;
			sourceTree = "<group>";
		};
		A7B2AAF51DA791A400EE844C /* BreweryTourTests */ = {
			isa = PBXGroup;
			children = (
				A709268B1F321E6900EB3BA2 /* BreweryTourTests.swift */,
				A7FBF25D1F2CF1870072CF84 /* MappingStrategyTests.swift */,
				A72F749F1F2620D600306664 /* CoreDataStackTest.swift */,
				0759C63C724A3DC1C169FFB2 /* Frameworks */,
				A7B2AAF81DA791A400EE844C /* Info.plist */,
			);
			path = BreweryTourTests;
			sourceTree = "<group>";
		};
		A7B2AB001DA791A400EE844C /* BreweryTourUITests */ = {
			isa = PBXGroup;
			children = (
				A7B2AB011DA791A400EE844C /* BreweryTourUITests.swift */,
				A7B2AB031DA791A400EE844C /* Info.plist */,
			);
			path = BreweryTourUITests;
			sourceTree = "<group>";
		};
		A7D3B8921E18A3810017E5AE /* ModelProtocols */ = {
			isa = PBXGroup;
			children = (
				A7634E6E1E2723F20066ACEF /* BreweryDesignerProtocol.swift */,
				A7634E701E2730F70066ACEF /* BeerDesignerProtocol.swift */,
				A7D3B8961E19930E0017E5AE /* ManagedObjectContextRefreshProtocols.swift */,
				A741BF501E186DA6003958A4 /* OnlineSearchCapableProtocol.swift */,
				A743501A1DB78615007AE08C /* TableListProtocol.swift */,
				A74350671DB91454007AE08C /* NSManagedObjectDisplayable.swift */,
				A74350731DBAA17F007AE08C /* ObserverAndSubjectProtocol.swift */,
				A78FBB5D1E2FF0DC00AE93A8 /* BusyObserversProtocol.swift */,
				A751602D1E3638010078F6F9 /* StorableFloatingAnnotation.swift */,
			);
			path = ModelProtocols;
			sourceTree = "<group>";
		};
		A7D3B8931E18FFAA0017E5AE /* SelectedBeersControllerViewModels */ = {
			isa = PBXGroup;
			children = (
				A7634E761E2762410066ACEF /* AllBeersViewModel.swift */,
				A7634E781E282D740066ACEF /* GenericBeersViewModel.swift */,
				A74350711DBA7971007AE08C /* SelectedBeersViewModel.swift */,
			);
			name = SelectedBeersControllerViewModels;
			path = SelectedBeersViewModels;
			sourceTree = "<group>";
		};
		A7D3B8941E18FFD70017E5AE /* ViewModelFreeControllers */ = {
			isa = PBXGroup;
			children = (
				A71DC9BD1DB2984C00AF81CD /* FavoriteBeersViewController.swift */,
				A7D2272C1DB5620300360A3B /* FavoriteBreweriesViewController.swift */,
			);
			path = ViewModelFreeControllers;
			sourceTree = "<group>";
		};
		A7D999501F185C9300F5DE72 /* View */ = {
			isa = PBXGroup;
			children = (
				A705F28F1EB162570051F972 /* CoreAnimationConstants.swift */,
				A727D1451DA918D20063F2B3 /* Controller */,
				A7D3B8941E18FFD70017E5AE /* ViewModelFreeControllers */,
				A78FBC4C1E38D0F9003D49B6 /* ConvertToFullStateName.swift */,
				A711EC081DC8EBDF008E114A /* AlertWindowDisplayingProtocol.swift */,
				A701E0471DEEACFC00CDBD2F /* CircleView.swift */,
				A7E3E00E1E0B9B1E0068ED48 /* KeyboardExtension.swift */,
				A77DEEB81E1B4EA80054F95C /* JustUserAndFloatingPinAnnotationView.swift */,
				A7563E621EB7F84E00E93B93 /* FavoriteUIButton.swift */,
				A75160271E356AB50078F6F9 /* BeermugAnnotationView.swift */,
				A76897C91EB78C1000C47FF3 /* BreweryCustomCalloutView.swift */,
				A76897C71EB7896F00C47FF3 /* BreweryCustomCallout.xib */,
				A76897CB1EB78E0800C47FF3 /* BreweryAnnotation.swift */,
				A7563E601EB7EDBE00E93B93 /* WebpageUIButton.swift */,
			);
			path = View;
			sourceTree = "<group>";
		};
		A7D999511F1887AE00F5DE72 /* ViewModels */ = {
			isa = PBXGroup;
			children = (
				A7D3B8931E18FFAA0017E5AE /* SelectedBeersControllerViewModels */,
				A77DEEBA1E1C66960054F95C /* CategoryViewControllerViewModels */,
				A72C979B1E2C5AE600C711B6 /* MapViewControllerMapPresentationStrategies */,
				A751602B1E35C29D0078F6F9 /* MakePinView.swift */,
			);
			path = ViewModels;
			sourceTree = "<group>";
		};
		A7FF1A031DB0E14600AD0BB3 /* Assets */ = {
			isa = PBXGroup;
			children = (
				A77785E41FA6786800846B15 /* Assets.xcassets */,
				A7B2AAE21DA791A400EE844C /* Main.storyboard */,
				A76B3B8A1DB0C03700B0A899 /* Launch Screen.storyboard */,
				A76006AF1F67741900511AAE /* TempBreweryTab.png */,
				A76006B11F67756A00511AAE /* NewBreweryTabbarIcon.png */,
				A76006B31F67C07500511AAE /* Double beers.png */,
				A76006B51F67C1E600511AAE /* Double beers2.png */,
				A7B2AAED1DA791A400EE844C /* Info.plist */,
				A7300C5D1EAF844F0029EBB6 /* search25.png */,
				A7300C5E1EAF844F0029EBB6 /* search50.png */,
				A75160291E35AA250078F6F9 /* beermap.png */,
				A794A68A1E2E2B6800797180 /* Nophoto.png */,
				A7419ED71E2DBD3E006E421D /* BeersTabbaricon2x.png */,
				A7419ED81E2DBD3E006E421D /* BeersTabbaricon3x.png */,
				A7D227281DB55F3700360A3B /* small_heart_icon_black_white_line_art.png */,
				A79EB7011E30D2AA00C54D43 /* AppIcon.png */,
				A79EB7021E30D2AA00C54D43 /* AppIcon20.png */,
				A79EB7031E30D2AA00C54D43 /* AppIcon29.png */,
				A79EB7041E30D2AA00C54D43 /* AppIcon40.png */,
				A7300C5B1EAF833E0029EBB6 /* search.png */,
				A79EB7051E30D2AA00C54D43 /* AppIcon58.png */,
				A79EB7071E30D2AA00C54D43 /* AppIcon76.png */,
				A79EB7061E30D2AA00C54D43 /* AppIcon60.png */,
				A79EB7081E30D2AA00C54D43 /* AppIcon80.png */,
				A79EB7091E30D2AA00C54D43 /* AppIcon84.png */,
				A79EB70A1E30D2AA00C54D43 /* AppIcon87.png */,
				A79EB70B1E30D2AA00C54D43 /* AppIcon120.png */,
				A79EB70C1E30D2AA00C54D43 /* AppIcon152.png */,
				A79EB70D1E30D2AA00C54D43 /* AppIcon167.png */,
				A79EB70E1E30D2AA00C54D43 /* AppIcon180.png */,
				A7D227291DB55F3700360A3B /* small_heart_icon.png */,
				A7FF1A081DB0E68500AD0BB3 /* heart_icon_black_white_line_art.png */,
				A7FF1A061DB0E67E00AD0BB3 /* heart_icon.png */,
				A7DDC3F61DCC24080077F34A /* BeersTabbaricon2.png */,
				A7D227231DB4D90D00360A3B /* BreweryTabbarIcon.png */,
				A76B3B8C1DB0C5A200B0A899 /* BeerLaunchImage.png */,
				A76B3B8E1DB0E00D00B0A899 /* heart_icon.pdf */,
				A76B3B8F1DB0E00D00B0A899 /* heart_icon_black_white_line_art.pdf */,
			);
			path = Assets;
			sourceTree = "<group>";
		};
		D5D33C56AFBB3BA146A78187 /* Pods */ = {
			isa = PBXGroup;
			children = (
				C23C61975D032ABC404F3BC0 /* Pods-BreweryTour.release.xcconfig */,
			);
			name = Pods;
			path = ..;
			sourceTree = "<group>";
		};
		F31E85EDAD6C7B0ACBB4C070 /* Frameworks */ = {
			isa = PBXGroup;
			children = (
				A78CD46A1FA68DAA00BE99DF /* SwiftyBeaver.framework */,
				680FBE3F7A28081E14FF95C0 /* Pods_BreweryTour.framework */,
			);
			name = Frameworks;
			sourceTree = "<group>";
		};
/* End PBXGroup section */

/* Begin PBXNativeTarget section */
		A7B2AADA1DA791A400EE844C /* BreweryTour */ = {
			isa = PBXNativeTarget;
			buildConfigurationList = A7B2AB061DA791A400EE844C /* Build configuration list for PBXNativeTarget "BreweryTour" */;
			buildPhases = (
				D8BA43B84FAD3DEA64FAFE0B /* [CP] Check Pods Manifest.lock */,
				A7B2AAD71DA791A400EE844C /* Sources */,
				A7B2AAD91DA791A400EE844C /* Resources */,
				A7B2AAD81DA791A400EE844C /* Frameworks */,
				A3A6732664DE4D3F17EF4978 /* [CP] Embed Pods Frameworks */,
				10E6BFF6FA9E20AA8FFA810C /* [CP] Copy Pods Resources */,
			);
			buildRules = (
			);
			dependencies = (
			);
			name = BreweryTour;
			productName = BreweryTour;
			productReference = A7B2AADB1DA791A400EE844C /* BreweryTour.app */;
			productType = "com.apple.product-type.application";
		};
		A7B2AAF11DA791A400EE844C /* BreweryTourTests */ = {
			isa = PBXNativeTarget;
			buildConfigurationList = A7B2AB091DA791A400EE844C /* Build configuration list for PBXNativeTarget "BreweryTourTests" */;
			buildPhases = (
				A7B2AAEE1DA791A400EE844C /* Sources */,
				A7B2AAEF1DA791A400EE844C /* Frameworks */,
				A7B2AAF01DA791A400EE844C /* Resources */,
			);
			buildRules = (
			);
			dependencies = (
				A7B2AAF41DA791A400EE844C /* PBXTargetDependency */,
			);
			name = BreweryTourTests;
			productName = BreweryTourTests;
			productReference = A7B2AAF21DA791A400EE844C /* BreweryTourTests.xctest */;
			productType = "com.apple.product-type.bundle.unit-test";
		};
		A7B2AAFC1DA791A400EE844C /* BreweryTourUITests */ = {
			isa = PBXNativeTarget;
			buildConfigurationList = A7B2AB0C1DA791A400EE844C /* Build configuration list for PBXNativeTarget "BreweryTourUITests" */;
			buildPhases = (
				A7B2AAF91DA791A400EE844C /* Sources */,
				A7B2AAFA1DA791A400EE844C /* Frameworks */,
				A7B2AAFB1DA791A400EE844C /* Resources */,
			);
			buildRules = (
			);
			dependencies = (
				A7B2AAFF1DA791A400EE844C /* PBXTargetDependency */,
			);
			name = BreweryTourUITests;
			productName = BreweryTourUITests;
			productReference = A7B2AAFD1DA791A400EE844C /* BreweryTourUITests.xctest */;
			productType = "com.apple.product-type.bundle.ui-testing";
		};
/* End PBXNativeTarget section */

/* Begin PBXProject section */
		A7B2AAD31DA791A300EE844C /* Project object */ = {
			isa = PBXProject;
			attributes = {
				LastSwiftUpdateCheck = 0800;
				LastUpgradeCheck = 0900;
				ORGANIZATIONNAME = "James Jongs";
				TargetAttributes = {
					A7B2AADA1DA791A400EE844C = {
						CreatedOnToolsVersion = 8.0;
						LastSwiftMigration = 0900;
						ProvisioningStyle = Automatic;
						SystemCapabilities = {
							com.apple.Maps.iOS = {
								enabled = 1;
							};
						};
					};
					A7B2AAF11DA791A400EE844C = {
						CreatedOnToolsVersion = 8.0;
						LastSwiftMigration = 0900;
						ProvisioningStyle = Automatic;
						TestTargetID = A7B2AADA1DA791A400EE844C;
					};
					A7B2AAFC1DA791A400EE844C = {
						CreatedOnToolsVersion = 8.0;
						ProvisioningStyle = Automatic;
						TestTargetID = A7B2AADA1DA791A400EE844C;
					};
				};
			};
			buildConfigurationList = A7B2AAD61DA791A300EE844C /* Build configuration list for PBXProject "BreweryTour" */;
			compatibilityVersion = "Xcode 8.0";
			developmentRegion = English;
			hasScannedForEncodings = 0;
			knownRegions = (
				en,
				Base,
			);
			mainGroup = A7B2AAD21DA791A300EE844C;
			productRefGroup = A7B2AADC1DA791A400EE844C /* Products */;
			projectDirPath = "";
			projectRoot = "";
			targets = (
				A7B2AADA1DA791A400EE844C /* BreweryTour */,
				A7B2AAF11DA791A400EE844C /* BreweryTourTests */,
				A7B2AAFC1DA791A400EE844C /* BreweryTourUITests */,
			);
		};
/* End PBXProject section */

/* Begin PBXResourcesBuildPhase section */
		A7B2AAD91DA791A400EE844C /* Resources */ = {
			isa = PBXResourcesBuildPhase;
			buildActionMask = 2147483647;
			files = (
				A77365301F196F9D00E4FD11 /* HanaleiFill-Regular.ttf in Resources */,
				A7300C621EAF86650029EBB6 /* README.md in Resources */,
				A76006B21F67756A00511AAE /* NewBreweryTabbarIcon.png in Resources */,
				A7D227241DB4D90D00360A3B /* BreweryTabbarIcon.png in Resources */,
				A7419ED91E2DBD3E006E421D /* BeersTabbaricon2x.png in Resources */,
				A76B3B8D1DB0C5A200B0A899 /* BeerLaunchImage.png in Resources */,
				A77365201F196F9D00E4FD11 /* Aclonica.ttf in Resources */,
				A7FF1A091DB0E68500AD0BB3 /* heart_icon_black_white_line_art.png in Resources */,
				A79EB7141E30D2AA00C54D43 /* AppIcon60.png in Resources */,
				A77365391F196F9D00E4FD11 /* Righteous-Regular.ttf in Resources */,
				A77365371F196F9D00E4FD11 /* PirataOne-Regular.ttf in Resources */,
				A79EB7111E30D2AA00C54D43 /* AppIcon29.png in Resources */,
				A77365351F196F9D00E4FD11 /* LuckiestGuy.ttf in Resources */,
				A751602A1E35AA250078F6F9 /* beermap.png in Resources */,
				A773652E1F196F9D00E4FD11 /* FasterOne-Regular.ttf in Resources */,
				A7D2272A1DB55F3800360A3B /* small_heart_icon_black_white_line_art.png in Resources */,
				A7DDC3F71DCC24080077F34A /* BeersTabbaricon2.png in Resources */,
				A773652A1F196F9D00E4FD11 /* Comfortaa-Regular.ttf in Resources */,
				A76B3B911DB0E00D00B0A899 /* heart_icon_black_white_line_art.pdf in Resources */,
				A773652C1F196F9D00E4FD11 /* DaysOne-Regular.ttf in Resources */,
				A76897C81EB7896F00C47FF3 /* BreweryCustomCallout.xib in Resources */,
				A77365281F196F9D00E4FD11 /* Comfortaa-Bold.ttf in Resources */,
				A79EB70F1E30D2AA00C54D43 /* AppIcon.png in Resources */,
				A79EB7181E30D2AA00C54D43 /* AppIcon87.png in Resources */,
				A77365321F196F9D00E4FD11 /* KumarOneOutline-Regular.ttf in Resources */,
				A77365261F196F9D00E4FD11 /* BungeeInline-Regular.ttf in Resources */,
				A76B3B8B1DB0C03700B0A899 /* Launch Screen.storyboard in Resources */,
				A7419EDA1E2DBD3E006E421D /* BeersTabbaricon3x.png in Resources */,
				A79EB71A1E30D2AA00C54D43 /* AppIcon152.png in Resources */,
				A77365221F196F9D00E4FD11 /* AlfaSlabOne-Regular.ttf in Resources */,
				A79EB7191E30D2AA00C54D43 /* AppIcon120.png in Resources */,
				A7300C601EAF844F0029EBB6 /* search50.png in Resources */,
				A79EB7121E30D2AA00C54D43 /* AppIcon40.png in Resources */,
				A7300C5C1EAF833E0029EBB6 /* search.png in Resources */,
				A79EB71B1E30D2AA00C54D43 /* AppIcon167.png in Resources */,
				A773653B1F196F9D00E4FD11 /* Shrikhand-Regular.ttf in Resources */,
				A79EB7171E30D2AA00C54D43 /* AppIcon84.png in Resources */,
				A794A68B1E2E2B6800797180 /* Nophoto.png in Resources */,
				A76006B01F67741900511AAE /* TempBreweryTab.png in Resources */,
				A79EB7161E30D2AA00C54D43 /* AppIcon80.png in Resources */,
				A79EB7151E30D2AA00C54D43 /* AppIcon76.png in Resources */,
				A7300C5F1EAF844F0029EBB6 /* search25.png in Resources */,
				A76006B41F67C07500511AAE /* Double beers.png in Resources */,
				A77785E51FA6786800846B15 /* Assets.xcassets in Resources */,
				A7D2272B1DB55F3800360A3B /* small_heart_icon.png in Resources */,
				A77365241F196F9D00E4FD11 /* BalooTamma-Regular.ttf in Resources */,
				A7FF1A071DB0E67E00AD0BB3 /* heart_icon.png in Resources */,
				A77365291F196F9D00E4FD11 /* Comfortaa-Light.ttf in Resources */,
				A76006B61F67C1E600511AAE /* Double beers2.png in Resources */,
				A76B3B901DB0E00D00B0A899 /* heart_icon.pdf in Resources */,
				A7B2AAE41DA791A400EE844C /* Main.storyboard in Resources */,
				A79EB7101E30D2AA00C54D43 /* AppIcon20.png in Resources */,
				A79EB71C1E30D2AA00C54D43 /* AppIcon180.png in Resources */,
				A79EB7131E30D2AA00C54D43 /* AppIcon58.png in Resources */,
			);
			runOnlyForDeploymentPostprocessing = 0;
		};
		A7B2AAF01DA791A400EE844C /* Resources */ = {
			isa = PBXResourcesBuildPhase;
			buildActionMask = 2147483647;
			files = (
			);
			runOnlyForDeploymentPostprocessing = 0;
		};
		A7B2AAFB1DA791A400EE844C /* Resources */ = {
			isa = PBXResourcesBuildPhase;
			buildActionMask = 2147483647;
			files = (
			);
			runOnlyForDeploymentPostprocessing = 0;
		};
/* End PBXResourcesBuildPhase section */

/* Begin PBXShellScriptBuildPhase section */
		10E6BFF6FA9E20AA8FFA810C /* [CP] Copy Pods Resources */ = {
			isa = PBXShellScriptBuildPhase;
			buildActionMask = 2147483647;
			files = (
			);
			inputPaths = (
			);
			name = "[CP] Copy Pods Resources";
			outputPaths = (
			);
			runOnlyForDeploymentPostprocessing = 0;
			shellPath = /bin/sh;
			shellScript = "\"${SRCROOT}/Pods/Target Support Files/Pods-BreweryTour/Pods-BreweryTour-resources.sh\"\n";
			showEnvVarsInLog = 0;
		};
		A3A6732664DE4D3F17EF4978 /* [CP] Embed Pods Frameworks */ = {
			isa = PBXShellScriptBuildPhase;
			buildActionMask = 2147483647;
			files = (
			);
			inputPaths = (
				"${SRCROOT}/Pods/Target Support Files/Pods-BreweryTour/Pods-BreweryTour-frameworks.sh",
				"${BUILT_PRODUCTS_DIR}/Alamofire/Alamofire.framework",
				"${BUILT_PRODUCTS_DIR}/Bond/Bond.framework",
				"${BUILT_PRODUCTS_DIR}/Diff/Diff.framework",
				"${BUILT_PRODUCTS_DIR}/ReactiveKit/ReactiveKit.framework",
				"${BUILT_PRODUCTS_DIR}/SwiftyBeaver/SwiftyBeaver.framework",
			);
			name = "[CP] Embed Pods Frameworks";
			outputPaths = (
				"${TARGET_BUILD_DIR}/${FRAMEWORKS_FOLDER_PATH}/Alamofire.framework",
				"${TARGET_BUILD_DIR}/${FRAMEWORKS_FOLDER_PATH}/Bond.framework",
				"${TARGET_BUILD_DIR}/${FRAMEWORKS_FOLDER_PATH}/Diff.framework",
				"${TARGET_BUILD_DIR}/${FRAMEWORKS_FOLDER_PATH}/ReactiveKit.framework",
				"${TARGET_BUILD_DIR}/${FRAMEWORKS_FOLDER_PATH}/SwiftyBeaver.framework",
			);
			runOnlyForDeploymentPostprocessing = 0;
			shellPath = /bin/sh;
			shellScript = "\"${SRCROOT}/Pods/Target Support Files/Pods-BreweryTour/Pods-BreweryTour-frameworks.sh\"\n";
			showEnvVarsInLog = 0;
		};
		D8BA43B84FAD3DEA64FAFE0B /* [CP] Check Pods Manifest.lock */ = {
			isa = PBXShellScriptBuildPhase;
			buildActionMask = 2147483647;
			files = (
			);
			inputPaths = (
				"${PODS_PODFILE_DIR_PATH}/Podfile.lock",
				"${PODS_ROOT}/Manifest.lock",
			);
			name = "[CP] Check Pods Manifest.lock";
			outputPaths = (
				"$(DERIVED_FILE_DIR)/Pods-BreweryTour-checkManifestLockResult.txt",
			);
			runOnlyForDeploymentPostprocessing = 0;
			shellPath = /bin/sh;
			shellScript = "diff \"${PODS_PODFILE_DIR_PATH}/Podfile.lock\" \"${PODS_ROOT}/Manifest.lock\" > /dev/null\nif [ $? != 0 ] ; then\n    # print error to STDERR\n    echo \"error: The sandbox is not in sync with the Podfile.lock. Run 'pod install' or update your CocoaPods installation.\" >&2\n    exit 1\nfi\n# This output is used by Xcode 'outputs' to avoid re-running this script phase.\necho \"SUCCESS\" > \"${SCRIPT_OUTPUT_FILE_0}\"\n";
			showEnvVarsInLog = 0;
		};
/* End PBXShellScriptBuildPhase section */

/* Begin PBXSourcesBuildPhase section */
		A7B2AAD71DA791A400EE844C /* Sources */ = {
			isa = PBXSourcesBuildPhase;
			buildActionMask = 2147483647;
			files = (
				A74350621DB7B0F6007AE08C /* StylesTableList.swift in Sources */,
				A7E3E00F1E0B9B1E0068ED48 /* KeyboardExtension.swift in Sources */,
				A7195F811E2AA7620089C1ED /* BreweryAndBeerStructs.swift in Sources */,
				A7634E661E26EBB00066ACEF /* ParserProtocol.swift in Sources */,
				A7A69D571DA8938F00E47C8E /* CoreDataStack.swift in Sources */,
				A7195F7F1E2A1FEE0089C1ED /* SelfFetchingMapStrategyProtocol.swift in Sources */,
				A7563E631EB7F84E00E93B93 /* FavoriteUIButton.swift in Sources */,
				A72B18461E346F2B00D3DFF1 /* CategoryViewControllerExtensions.swift in Sources */,
				A74350721DBA7971007AE08C /* SelectedBeersViewModel.swift in Sources */,
				A7634E771E2762410066ACEF /* AllBeersViewModel.swift in Sources */,
				A7DDC3F91DCC3A770077F34A /* BreweryDBClientConstants.swift in Sources */,
				A7634E791E282D740066ACEF /* GenericBeersViewModel.swift in Sources */,
				A751602C1E35C29D0078F6F9 /* MakePinView.swift in Sources */,
				A7195F7B1E29EEDD0089C1ED /* MapProtocols.swift in Sources */,
				A72B18441E3466D400D3DFF1 /* MapViewControllerExtensions.swift in Sources */,
				A70926921F323C9700EB3BA2 /* Style.swift in Sources */,
				A77DEEB91E1B4EA80054F95C /* JustUserAndFloatingPinAnnotationView.swift in Sources */,
				A7D2272D1DB5620300360A3B /* FavoriteBreweriesViewController.swift in Sources */,
				A7B7524E1DA8CE7B00117ED0 /* MapViewController.swift in Sources */,
				A752344D1DAEA666008EF071 /* SelectedBeersViewController.swift in Sources */,
				A7300C641EAF88290029EBB6 /* TabbarConstants.swift in Sources */,
				A75E23051F27AE7E0035D805 /* Exceptions.swift in Sources */,
				A77E0C031DF9ECBF0007E55F /* GlobalConstants.swift in Sources */,
				A701E0481DEEACFC00CDBD2F /* CircleView.swift in Sources */,
				A7E932521E0A42F600E07F53 /* AllBreweriesTableList.swift in Sources */,
				A76897CA1EB78C1000C47FF3 /* BreweryCustomCalloutView.swift in Sources */,
				A748FAD41DF6E960005637BD /* MyTabBarController.swift in Sources */,
				A7563E611EB7EDBE00E93B93 /* WebpageUIButton.swift in Sources */,
				A76897CC1EB78E0800C47FF3 /* BreweryAnnotation.swift in Sources */,
				A7D3B8971E19930E0017E5AE /* ManagedObjectContextRefreshProtocols.swift in Sources */,
				A741BF511E186DA7003958A4 /* OnlineSearchCapableProtocol.swift in Sources */,
				A74350641DB7D6D2007AE08C /* BreweryTableList.swift in Sources */,
				A752344F1DAEDB59008EF071 /* BeerDetailViewController.swift in Sources */,
				A78FBC4B1E38BE75003D49B6 /* BreweriesByStateParser.swift in Sources */,
				A7B2AAE71DA791A400EE844C /* BreweryTour.xcdatamodeld in Sources */,
				A7195F7D1E29F82E0089C1ED /* SingleBreweryMapStrategy.swift in Sources */,
				A709268E1F32377800EB3BA2 /* Brewery.swift in Sources */,
				A74350661DB8FBA1007AE08C /* Mediator.swift in Sources */,
				A78FBC4D1E38D0F9003D49B6 /* ConvertToFullStateName.swift in Sources */,
				A748FAD61DF75316005637BD /* DismissableTutorialViewController.swift in Sources */,
				A7634E6D1E2708E30066ACEF /* BreweriesParser.swift in Sources */,
				A7634E681E26ED440066ACEF /* ParserFactory.swift in Sources */,
				A75160281E356AB50078F6F9 /* BeermugAnnotationView.swift in Sources */,
				A711EC091DC8EBDF008E114A /* AlertWindowDisplayingProtocol.swift in Sources */,
				A74350741DBAA17F007AE08C /* ObserverAndSubjectProtocol.swift in Sources */,
				A74350681DB91454007AE08C /* NSManagedObjectDisplayable.swift in Sources */,
				A705F2901EB162570051F972 /* CoreAnimationConstants.swift in Sources */,
				A7189CFB1DFDD487001409FA /* SettingsViewController.swift in Sources */,
				A7634E6A1E2704A50066ACEF /* StylesParser.swift in Sources */,
				A7B2AB101DA7965F00EE844C /* BreweryDBClient.swift in Sources */,
				A7B2AAE11DA791A400EE844C /* CategoryViewController.swift in Sources */,
				A71DC9BE1DB2984C00AF81CD /* FavoriteBeersViewController.swift in Sources */,
				A7634E6F1E2723F20066ACEF /* BreweryDesignerProtocol.swift in Sources */,
				A743501B1DB78615007AE08C /* TableListProtocol.swift in Sources */,
				A7300C661EAF9D050029EBB6 /* DismissableHelpNavigationController.swift in Sources */,
				A7634E711E2730F70066ACEF /* BeerDesignerProtocol.swift in Sources */,
				A741BF531E1877C3003958A4 /* ManagedObjectImageLinker.swift in Sources */,
				A70926901F323C0300EB3BA2 /* Beer.swift in Sources */,
				A7634E751E27354B0066ACEF /* BeersByBreweryIDParser.swift in Sources */,
				A78FBB5E1E2FF0DC00AE93A8 /* BusyObserversProtocol.swift in Sources */,
				A77FEBF71E15FE0E00A4F1B0 /* BreweryAndBeerCreationQueue.swift in Sources */,
				A7634E731E2734770066ACEF /* BeersFollowedByBreweriesParser.swift in Sources */,
				A751602E1E3638010078F6F9 /* StorableFloatingAnnotation.swift in Sources */,
				A7B2AADF1DA791A400EE844C /* AppDelegate.swift in Sources */,
			);
			runOnlyForDeploymentPostprocessing = 0;
		};
		A7B2AAEE1DA791A400EE844C /* Sources */ = {
			isa = PBXSourcesBuildPhase;
			buildActionMask = 2147483647;
			files = (
				A72F74A01F2620D600306664 /* CoreDataStackTest.swift in Sources */,
				A709268C1F321E6900EB3BA2 /* BreweryTourTests.swift in Sources */,
				A7FBF25E1F2CF1870072CF84 /* MappingStrategyTests.swift in Sources */,
			);
			runOnlyForDeploymentPostprocessing = 0;
		};
		A7B2AAF91DA791A400EE844C /* Sources */ = {
			isa = PBXSourcesBuildPhase;
			buildActionMask = 2147483647;
			files = (
				A7B2AB021DA791A400EE844C /* BreweryTourUITests.swift in Sources */,
			);
			runOnlyForDeploymentPostprocessing = 0;
		};
/* End PBXSourcesBuildPhase section */

/* Begin PBXTargetDependency section */
		A7B2AAF41DA791A400EE844C /* PBXTargetDependency */ = {
			isa = PBXTargetDependency;
			target = A7B2AADA1DA791A400EE844C /* BreweryTour */;
			targetProxy = A7B2AAF31DA791A400EE844C /* PBXContainerItemProxy */;
		};
		A7B2AAFF1DA791A400EE844C /* PBXTargetDependency */ = {
			isa = PBXTargetDependency;
			target = A7B2AADA1DA791A400EE844C /* BreweryTour */;
			targetProxy = A7B2AAFE1DA791A400EE844C /* PBXContainerItemProxy */;
		};
/* End PBXTargetDependency section */

/* Begin PBXVariantGroup section */
		A7B2AAE21DA791A400EE844C /* Main.storyboard */ = {
			isa = PBXVariantGroup;
			children = (
				A7B2AAE31DA791A400EE844C /* Base */,
			);
			name = Main.storyboard;
			path = ..;
			sourceTree = "<group>";
		};
/* End PBXVariantGroup section */

/* Begin XCBuildConfiguration section */
		A7B2AB041DA791A400EE844C /* Debug */ = {
			isa = XCBuildConfiguration;
			buildSettings = {
				ALWAYS_SEARCH_USER_PATHS = NO;
				CLANG_ANALYZER_NONNULL = YES;
				CLANG_CXX_LANGUAGE_STANDARD = "gnu++0x";
				CLANG_CXX_LIBRARY = "libc++";
				CLANG_ENABLE_MODULES = YES;
				CLANG_ENABLE_OBJC_ARC = YES;
				CLANG_WARN_BLOCK_CAPTURE_AUTORELEASING = YES;
				CLANG_WARN_BOOL_CONVERSION = YES;
				CLANG_WARN_COMMA = YES;
				CLANG_WARN_CONSTANT_CONVERSION = YES;
				CLANG_WARN_DIRECT_OBJC_ISA_USAGE = YES_ERROR;
				CLANG_WARN_DOCUMENTATION_COMMENTS = YES;
				CLANG_WARN_EMPTY_BODY = YES;
				CLANG_WARN_ENUM_CONVERSION = YES;
				CLANG_WARN_INFINITE_RECURSION = YES;
				CLANG_WARN_INT_CONVERSION = YES;
				CLANG_WARN_NON_LITERAL_NULL_CONVERSION = YES;
				CLANG_WARN_OBJC_LITERAL_CONVERSION = YES;
				CLANG_WARN_OBJC_ROOT_CLASS = YES_ERROR;
				CLANG_WARN_RANGE_LOOP_ANALYSIS = YES;
				CLANG_WARN_STRICT_PROTOTYPES = YES;
				CLANG_WARN_SUSPICIOUS_MOVE = YES;
				CLANG_WARN_SUSPICIOUS_MOVES = YES;
				CLANG_WARN_UNREACHABLE_CODE = YES;
				CLANG_WARN__DUPLICATE_METHOD_MATCH = YES;
				"CODE_SIGN_IDENTITY[sdk=iphoneos*]" = "iPhone Developer";
				COPY_PHASE_STRIP = NO;
				DEBUG_INFORMATION_FORMAT = dwarf;
				ENABLE_STRICT_OBJC_MSGSEND = YES;
				ENABLE_TESTABILITY = YES;
				GCC_C_LANGUAGE_STANDARD = gnu99;
				GCC_DYNAMIC_NO_PIC = NO;
				GCC_NO_COMMON_BLOCKS = YES;
				GCC_OPTIMIZATION_LEVEL = 0;
				GCC_PREPROCESSOR_DEFINITIONS = (
					"DEBUG=1",
					"$(inherited)",
				);
				GCC_WARN_64_TO_32_BIT_CONVERSION = YES;
				GCC_WARN_ABOUT_RETURN_TYPE = YES_ERROR;
				GCC_WARN_UNDECLARED_SELECTOR = YES;
				GCC_WARN_UNINITIALIZED_AUTOS = YES_AGGRESSIVE;
				GCC_WARN_UNUSED_FUNCTION = YES;
				GCC_WARN_UNUSED_VARIABLE = YES;
				IPHONEOS_DEPLOYMENT_TARGET = 10.0;
				MTL_ENABLE_DEBUG_INFO = YES;
				ONLY_ACTIVE_ARCH = YES;
				SDKROOT = iphoneos;
				SWIFT_ACTIVE_COMPILATION_CONDITIONS = DEBUG;
				SWIFT_OPTIMIZATION_LEVEL = "-Onone";
				TARGETED_DEVICE_FAMILY = "1,2";
			};
			name = Debug;
		};
		A7B2AB051DA791A400EE844C /* Release */ = {
			isa = XCBuildConfiguration;
			buildSettings = {
				ALWAYS_SEARCH_USER_PATHS = NO;
				CLANG_ANALYZER_NONNULL = YES;
				CLANG_CXX_LANGUAGE_STANDARD = "gnu++0x";
				CLANG_CXX_LIBRARY = "libc++";
				CLANG_ENABLE_MODULES = YES;
				CLANG_ENABLE_OBJC_ARC = YES;
				CLANG_WARN_BLOCK_CAPTURE_AUTORELEASING = YES;
				CLANG_WARN_BOOL_CONVERSION = YES;
				CLANG_WARN_COMMA = YES;
				CLANG_WARN_CONSTANT_CONVERSION = YES;
				CLANG_WARN_DIRECT_OBJC_ISA_USAGE = YES_ERROR;
				CLANG_WARN_DOCUMENTATION_COMMENTS = YES;
				CLANG_WARN_EMPTY_BODY = YES;
				CLANG_WARN_ENUM_CONVERSION = YES;
				CLANG_WARN_INFINITE_RECURSION = YES;
				CLANG_WARN_INT_CONVERSION = YES;
				CLANG_WARN_NON_LITERAL_NULL_CONVERSION = YES;
				CLANG_WARN_OBJC_LITERAL_CONVERSION = YES;
				CLANG_WARN_OBJC_ROOT_CLASS = YES_ERROR;
				CLANG_WARN_RANGE_LOOP_ANALYSIS = YES;
				CLANG_WARN_STRICT_PROTOTYPES = YES;
				CLANG_WARN_SUSPICIOUS_MOVE = YES;
				CLANG_WARN_SUSPICIOUS_MOVES = YES;
				CLANG_WARN_UNREACHABLE_CODE = YES;
				CLANG_WARN__DUPLICATE_METHOD_MATCH = YES;
				"CODE_SIGN_IDENTITY[sdk=iphoneos*]" = "iPhone Developer";
				COPY_PHASE_STRIP = NO;
				DEBUG_INFORMATION_FORMAT = "dwarf-with-dsym";
				ENABLE_NS_ASSERTIONS = NO;
				ENABLE_STRICT_OBJC_MSGSEND = YES;
				GCC_C_LANGUAGE_STANDARD = gnu99;
				GCC_NO_COMMON_BLOCKS = YES;
				GCC_OPTIMIZATION_LEVEL = 0;
				GCC_WARN_64_TO_32_BIT_CONVERSION = YES;
				GCC_WARN_ABOUT_RETURN_TYPE = YES_ERROR;
				GCC_WARN_UNDECLARED_SELECTOR = YES;
				GCC_WARN_UNINITIALIZED_AUTOS = YES_AGGRESSIVE;
				GCC_WARN_UNUSED_FUNCTION = YES;
				GCC_WARN_UNUSED_VARIABLE = YES;
				IPHONEOS_DEPLOYMENT_TARGET = 10.0;
				MTL_ENABLE_DEBUG_INFO = NO;
				"OTHER_CFLAGS[arch=*]" = "CFLAGS=\"-fno-optimizie-sibling-calls\"";
				SDKROOT = iphoneos;
				SWIFT_OPTIMIZATION_LEVEL = "-Owholemodule";
				TARGETED_DEVICE_FAMILY = "1,2";
				VALIDATE_PRODUCT = YES;
			};
			name = Release;
		};
		A7B2AB071DA791A400EE844C /* Debug */ = {
			isa = XCBuildConfiguration;
			baseConfigurationReference = 5D930397D4795650DD413457 /* Pods-BreweryTour.debug.xcconfig */;
			buildSettings = {
				ASSETCATALOG_COMPILER_APPICON_NAME = AppIcon;
				DEVELOPMENT_TEAM = T37NKE3UT9;
				FRAMEWORK_SEARCH_PATHS = (
					"$(inherited)/**",
					"$(PROJECT_DIR)/DerivedData/BreweryTour/Build/Products/Debug-iphonesimulator/Alamofire",
				);
				INFOPLIST_FILE = BreweryTour/Assets/Info.plist;
				LD_RUNPATH_SEARCH_PATHS = "$(inherited) @executable_path/Frameworks";
				PRODUCT_BUNDLE_IDENTIFIER = JamesJongs.BreweryTour;
				PRODUCT_NAME = "$(TARGET_NAME)";
				SWIFT_SWIFT3_OBJC_INFERENCE = On;
				SWIFT_VERSION = 4.0;
			};
			name = Debug;
		};
		A7B2AB081DA791A400EE844C /* Release */ = {
			isa = XCBuildConfiguration;
			baseConfigurationReference = C23C61975D032ABC404F3BC0 /* Pods-BreweryTour.release.xcconfig */;
			buildSettings = {
				ASSETCATALOG_COMPILER_APPICON_NAME = AppIcon;
				DEVELOPMENT_TEAM = T37NKE3UT9;
				FRAMEWORK_SEARCH_PATHS = (
					"$(inherited)/**",
					"$(PROJECT_DIR)/DerivedData/BreweryTour/Build/Products/Debug-iphonesimulator/Alamofire",
				);
				INFOPLIST_FILE = BreweryTour/Assets/Info.plist;
				LD_RUNPATH_SEARCH_PATHS = "$(inherited) @executable_path/Frameworks";
				PRODUCT_BUNDLE_IDENTIFIER = JamesJongs.BreweryTour;
				PRODUCT_NAME = "$(TARGET_NAME)";
				SWIFT_SWIFT3_OBJC_INFERENCE = On;
				SWIFT_VERSION = 4.0;
			};
			name = Release;
		};
		A7B2AB0A1DA791A400EE844C /* Debug */ = {
			isa = XCBuildConfiguration;
			buildSettings = {
				ALWAYS_EMBED_SWIFT_STANDARD_LIBRARIES = YES;
				BUNDLE_LOADER = "$(TEST_HOST)";
				DEVELOPMENT_TEAM = T37NKE3UT9;
				INFOPLIST_FILE = BreweryTourTests/Info.plist;
				LD_RUNPATH_SEARCH_PATHS = "$(inherited) @executable_path/Frameworks @loader_path/Frameworks";
				PRODUCT_BUNDLE_IDENTIFIER = JamesJongs.BreweryTourTests;
				PRODUCT_NAME = "$(TARGET_NAME)";
				SWIFT_SWIFT3_OBJC_INFERENCE = On;
				SWIFT_VERSION = 4.0;
				TEST_HOST = "$(BUILT_PRODUCTS_DIR)/BreweryTour.app/BreweryTour";
			};
			name = Debug;
		};
		A7B2AB0B1DA791A400EE844C /* Release */ = {
			isa = XCBuildConfiguration;
			buildSettings = {
				ALWAYS_EMBED_SWIFT_STANDARD_LIBRARIES = YES;
				BUNDLE_LOADER = "$(TEST_HOST)";
				DEVELOPMENT_TEAM = T37NKE3UT9;
				INFOPLIST_FILE = BreweryTourTests/Info.plist;
				LD_RUNPATH_SEARCH_PATHS = "$(inherited) @executable_path/Frameworks @loader_path/Frameworks";
				PRODUCT_BUNDLE_IDENTIFIER = JamesJongs.BreweryTourTests;
				PRODUCT_NAME = "$(TARGET_NAME)";
				SWIFT_SWIFT3_OBJC_INFERENCE = On;
				SWIFT_VERSION = 4.0;
				TEST_HOST = "$(BUILT_PRODUCTS_DIR)/BreweryTour.app/BreweryTour";
			};
			name = Release;
		};
		A7B2AB0D1DA791A400EE844C /* Debug */ = {
			isa = XCBuildConfiguration;
			buildSettings = {
				ALWAYS_EMBED_SWIFT_STANDARD_LIBRARIES = YES;
				INFOPLIST_FILE = BreweryTourUITests/Info.plist;
				LD_RUNPATH_SEARCH_PATHS = "$(inherited) @executable_path/Frameworks @loader_path/Frameworks";
				PRODUCT_BUNDLE_IDENTIFIER = JamesJongs.BreweryTourUITests;
				PRODUCT_NAME = "$(TARGET_NAME)";
				SWIFT_VERSION = 3.0;
				TEST_TARGET_NAME = BreweryTour;
			};
			name = Debug;
		};
		A7B2AB0E1DA791A400EE844C /* Release */ = {
			isa = XCBuildConfiguration;
			buildSettings = {
				ALWAYS_EMBED_SWIFT_STANDARD_LIBRARIES = YES;
				INFOPLIST_FILE = BreweryTourUITests/Info.plist;
				LD_RUNPATH_SEARCH_PATHS = "$(inherited) @executable_path/Frameworks @loader_path/Frameworks";
				PRODUCT_BUNDLE_IDENTIFIER = JamesJongs.BreweryTourUITests;
				PRODUCT_NAME = "$(TARGET_NAME)";
				SWIFT_VERSION = 3.0;
				TEST_TARGET_NAME = BreweryTour;
			};
			name = Release;
		};
/* End XCBuildConfiguration section */

/* Begin XCConfigurationList section */
		A7B2AAD61DA791A300EE844C /* Build configuration list for PBXProject "BreweryTour" */ = {
			isa = XCConfigurationList;
			buildConfigurations = (
				A7B2AB041DA791A400EE844C /* Debug */,
				A7B2AB051DA791A400EE844C /* Release */,
			);
			defaultConfigurationIsVisible = 0;
			defaultConfigurationName = Release;
		};
		A7B2AB061DA791A400EE844C /* Build configuration list for PBXNativeTarget "BreweryTour" */ = {
			isa = XCConfigurationList;
			buildConfigurations = (
				A7B2AB071DA791A400EE844C /* Debug */,
				A7B2AB081DA791A400EE844C /* Release */,
			);
			defaultConfigurationIsVisible = 0;
			defaultConfigurationName = Release;
		};
		A7B2AB091DA791A400EE844C /* Build configuration list for PBXNativeTarget "BreweryTourTests" */ = {
			isa = XCConfigurationList;
			buildConfigurations = (
				A7B2AB0A1DA791A400EE844C /* Debug */,
				A7B2AB0B1DA791A400EE844C /* Release */,
			);
			defaultConfigurationIsVisible = 0;
			defaultConfigurationName = Release;
		};
		A7B2AB0C1DA791A400EE844C /* Build configuration list for PBXNativeTarget "BreweryTourUITests" */ = {
			isa = XCConfigurationList;
			buildConfigurations = (
				A7B2AB0D1DA791A400EE844C /* Debug */,
				A7B2AB0E1DA791A400EE844C /* Release */,
			);
			defaultConfigurationIsVisible = 0;
			defaultConfigurationName = Release;
		};
/* End XCConfigurationList section */

/* Begin XCVersionGroup section */
		A7B2AAE51DA791A400EE844C /* BreweryTour.xcdatamodeld */ = {
			isa = XCVersionGroup;
			children = (
				A7B2AAE61DA791A400EE844C /* BreweryTour.xcdatamodel */,
			);
			currentVersion = A7B2AAE61DA791A400EE844C /* BreweryTour.xcdatamodel */;
			path = BreweryTour.xcdatamodeld;
			sourceTree = "<group>";
			versionGroupType = wrapper.xcdatamodel;
		};
/* End XCVersionGroup section */
	};
	rootObject = A7B2AAD31DA791A300EE844C /* Project object */;
}
